
Microsoft Visual Studio Solution File, Format Version 12.00
# Visual Studio Version 17
VisualStudioVersion = 17.0.31903.59
MinimumVisualStudioVersion = 10.0.40219.1
Project("{2150E333-8FDC-42A3-9474-1A3956D46DE8}") = "src", "src", "{827E0CD3-B72D-47B6-A68D-7590B98EB39B}"
EndProject
Project("{F2A71F9B-5D33-465A-A702-920D77279786}") = "Fuaran.UI", "src\Fuaran.UI\Fuaran.UI.fsproj", "{6678609D-855B-4DBF-A65E-C7D50D90B289}"
EndProject
Project("{F2A71F9B-5D33-465A-A702-920D77279786}") = "Fuaran.UI.Tests", "src\Fuaran.UI.Tests\Fuaran.UI.Tests.fsproj", "{D7A62572-44BB-4B3E-AE0C-62AF8CE655B0}"
EndProject
Project("{F2A71F9B-5D33-465A-A702-920D77279786}") = "Build", "Build.fsproj", "{E6865530-060B-4907-AC9B-BD8553ECAB0B}"
EndProject
Project("{F2A71F9B-5D33-465A-A702-920D77279786}") = "Fuaran.UI.Renderer", "src\Fuaran.UI.Renderer\Fuaran.UI.Renderer.fsproj", "{DECF1F2A-C940-4724-BBD9-82E7547FA0E2}"
EndProject
Project("{F2A71F9B-5D33-465A-A702-920D77279786}") = "Fuaran.UI.Validator", "src\Fuaran.UI.Validator\Fuaran.UI.Validator.fsproj", "{1B3A0EAA-7E2F-4D9C-A21E-1A12C0D7FBC2}"
EndProject
Project("{F2A71F9B-5D33-465A-A702-920D77279786}") = "Fuaran.UI.Validator.Tests", "src\Fuaran.UI.Validator.Tests\Fuaran.UI.Validator.Tests.fsproj", "{2C40F9BB-913E-4B5C-A93B-4F66D8B5F7E7}"
EndProject
Project("{2150E333-8FDC-42A3-9474-1A3956D46DE8}") = "samples", "samples", "{5D20AA90-6969-D8BD-9DCD-8634F4692FDA}"
EndProject
Project("{2150E333-8FDC-42A3-9474-1A3956D46DE8}") = "demo", "demo", "{3982DDBB-99ED-C9E7-3EDF-EEC5162A6006}"
EndProject
Project("{F2A71F9B-5D33-465A-A702-920D77279786}") = "Demo", "samples\demo\Demo.fsproj", "{860E16EE-30CA-41DC-8B9C-3F630AD9CB3E}"
EndProject
Project("{2150E333-8FDC-42A3-9474-1A3956D46DE8}") = "catalog", "catalog", "{C112BD75-A124-4C0F-9D63-E80F8C2EFD11}"
EndProject
Project("{F2A71F9B-5D33-465A-A702-920D77279786}") = "Catalog", "samples\catalog\Catalog.fsproj", "{D2A9E641-7B0F-4F4F-99E1-65A2CA12BC8A}"
EndProject
Project("{F2A71F9B-5D33-465A-A702-920D77279786}") = "Fuaran.UI.Ops", "src\Fuaran.UI.Ops\Fuaran.UI.Ops.fsproj", "{41B6CD1E-5437-42D2-B568-1FA05A148B4F}"
EndProject
Project("{F2A71F9B-5D33-465A-A702-920D77279786}") = "Fuaran.UI.Ops.Tests", "src\Fuaran.UI.Ops.Tests\Fuaran.UI.Ops.Tests.fsproj", "{AF75CEAA-68CA-41B1-A19A-5E7AD812411A}"
EndProject
Project("{F2A71F9B-5D33-465A-A702-920D77279786}") = "Fuaran.UI.AiTools", "src\Fuaran.UI.AiTools\Fuaran.UI.AiTools.fsproj", "{E54D8A11-1C2B-4F0A-9D72-3B57F1D8C9A1}"
EndProject
Project("{F2A71F9B-5D33-465A-A702-920D77279786}") = "Fuaran.UI.AiTools.Tests", "src\Fuaran.UI.AiTools.Tests\Fuaran.UI.AiTools.Tests.fsproj", "{F671C9B2-23DD-4A8E-B53C-9F8E2A6BD1E0}"
EndProject
Project("{F2A71F9B-5D33-465A-A702-920D77279786}") = "Fuaran.UI.OpStream.Abstractions", "src\Fuaran.UI.OpStream.Abstractions\Fuaran.UI.OpStream.Abstractions.fsproj", "{A0B0C0D0-12A0-4001-8001-000000000001}"
EndProject
Project("{F2A71F9B-5D33-465A-A702-920D77279786}") = "Fuaran.UI.OpStream.InMemory", "src\Fuaran.UI.OpStream.InMemory\Fuaran.UI.OpStream.InMemory.fsproj", "{A0B0C0D0-12A0-4001-8001-000000000002}"
EndProject
Project("{F2A71F9B-5D33-465A-A702-920D77279786}") = "Fuaran.UI.OpStream.Sqlite", "src\Fuaran.UI.OpStream.Sqlite\Fuaran.UI.OpStream.Sqlite.fsproj", "{A0B0C0D0-12A0-4001-8001-000000000003}"
EndProject
Project("{F2A71F9B-5D33-465A-A702-920D77279786}") = "Fuaran.UI.OpStream.Replay", "src\Fuaran.UI.OpStream.Replay\Fuaran.UI.OpStream.Replay.fsproj", "{A0B0C0D0-12A0-4001-8001-000000000004}"
EndProject
Project("{F2A71F9B-5D33-465A-A702-920D77279786}") = "Fuaran.UI.OpStream.Tests", "src\Fuaran.UI.OpStream.Tests\Fuaran.UI.OpStream.Tests.fsproj", "{A0B0C0D0-12A0-4001-8001-000000000005}"
EndProject
Project("{F2A71F9B-5D33-465A-A702-920D77279786}") = "Fuaran.UI.LayoutObserver.Abstractions", "src\Fuaran.UI.LayoutObserver.Abstractions\Fuaran.UI.LayoutObserver.Abstractions.fsproj", "{B0C0D0E0-12B0-4001-8001-000000000001}"
EndProject
Project("{F2A71F9B-5D33-465A-A702-920D77279786}") = "Fuaran.UI.LayoutObserver", "src\Fuaran.UI.LayoutObserver\Fuaran.UI.LayoutObserver.fsproj", "{B0C0D0E0-12B0-4001-8001-000000000002}"
EndProject
Project("{F2A71F9B-5D33-465A-A702-920D77279786}") = "Fuaran.UI.LayoutObserver.Tests", "src\Fuaran.UI.LayoutObserver.Tests\Fuaran.UI.LayoutObserver.Tests.fsproj", "{B0C0D0E0-12B0-4001-8001-000000000003}"
EndProject
Project("{F2A71F9B-5D33-465A-A702-920D77279786}") = "Fuaran.UI.Telemetry.Abstractions", "src\Fuaran.UI.Telemetry.Abstractions\Fuaran.UI.Telemetry.Abstractions.fsproj", "{C0D0E0F0-12C0-4001-8001-000000000001}"
EndProject
Project("{F2A71F9B-5D33-465A-A702-920D77279786}") = "Fuaran.UI.Telemetry.Default", "src\Fuaran.UI.Telemetry.Default\Fuaran.UI.Telemetry.Default.fsproj", "{C0D0E0F0-12C0-4001-8001-000000000002}"
EndProject
Project("{F2A71F9B-5D33-465A-A702-920D77279786}") = "Fuaran.UI.Telemetry.Tests", "src\Fuaran.UI.Telemetry.Tests\Fuaran.UI.Telemetry.Tests.fsproj", "{C0D0E0F0-12C0-4001-8001-000000000003}"
EndProject
Project("{F2A71F9B-5D33-465A-A702-920D77279786}") = "Fuaran.UI.Telemetry.Drift", "src\Fuaran.UI.Telemetry.Drift\Fuaran.UI.Telemetry.Drift.fsproj", "{C0D0E0F0-12C0-4001-8001-000000000004}"
EndProject
Project("{F2A71F9B-5D33-465A-A702-920D77279786}") = "Fuaran.UI.JsonDecode.Tests", "src\Fuaran.UI.JsonDecode.Tests\Fuaran.UI.JsonDecode.Tests.fsproj", "{E0F0A0B0-12E0-4001-8001-000000000001}"
EndProject
Project("{F2A71F9B-5D33-465A-A702-920D77279786}") = "Fuaran.UI.Renderer.Core", "src\Fuaran.UI.Renderer.Core\Fuaran.UI.Renderer.Core.fsproj", "{37AFE435-F77F-4189-964C-2E7DEF69D9A5}"
EndProject
Project("{F2A71F9B-5D33-465A-A702-920D77279786}") = "Fuaran.UI.Renderer.Server", "src\Fuaran.UI.Renderer.Server\Fuaran.UI.Renderer.Server.fsproj", "{A6EFA0A3-3067-4DD1-8DE4-0A3B3C6A22FB}"
EndProject
Project("{F2A71F9B-5D33-465A-A702-920D77279786}") = "Fuaran.UI.Renderer.Server.Tests", "src\Fuaran.UI.Renderer.Server.Tests\Fuaran.UI.Renderer.Server.Tests.fsproj", "{0EFF197F-5FA9-4CD2-BCEB-FE9A0F31A9BA}"
EndProject
Project("{F2A71F9B-5D33-465A-A702-920D77279786}") = "Fuaran.UI.StyleObserver.Abstractions", "src\Fuaran.UI.StyleObserver.Abstractions\Fuaran.UI.StyleObserver.Abstractions.fsproj", "{D0E0F0A0-12D0-4001-8001-000000000001}"
EndProject
Project("{F2A71F9B-5D33-465A-A702-920D77279786}") = "Fuaran.UI.StyleObserver", "src\Fuaran.UI.StyleObserver\Fuaran.UI.StyleObserver.fsproj", "{D0E0F0A0-12D0-4001-8001-000000000002}"
EndProject
Project("{F2A71F9B-5D33-465A-A702-920D77279786}") = "Fuaran.UI.StyleObserver.Tests", "src\Fuaran.UI.StyleObserver.Tests\Fuaran.UI.StyleObserver.Tests.fsproj", "{D0E0F0A0-12D0-4001-8001-000000000003}"
EndProject
Project("{F2A71F9B-5D33-465A-A702-920D77279786}") = "Fuaran.UI.ServerDriven", "src\Fuaran.UI.ServerDriven\Fuaran.UI.ServerDriven.fsproj", "{F0A0B0C0-12F0-4001-8001-000000000001}"
EndProject
Project("{F2A71F9B-5D33-465A-A702-920D77279786}") = "Fuaran.UI.ServerDriven.Tests", "src\Fuaran.UI.ServerDriven.Tests\Fuaran.UI.ServerDriven.Tests.fsproj", "{F0A0B0C0-12F0-4001-8001-000000000002}"
EndProject
Project("{F2A71F9B-5D33-465A-A702-920D77279786}") = "Fuaran.UI.Ops.Abstractions", "src\Fuaran.UI.Ops.Abstractions\Fuaran.UI.Ops.Abstractions.fsproj", "{587CF59C-9D8B-421E-9B81-82ECEEA6770C}"
EndProject
Project("{F2A71F9B-5D33-465A-A702-920D77279786}") = "Fuaran.UI.ThemeManifest", "src\Fuaran.UI.ThemeManifest\Fuaran.UI.ThemeManifest.fsproj", "{E1F2A3B0-12E1-4001-8001-000000000001}"
EndProject
Project("{F2A71F9B-5D33-465A-A702-920D77279786}") = "Fuaran.UI.ThemeManifest.Tests", "src\Fuaran.UI.ThemeManifest.Tests\Fuaran.UI.ThemeManifest.Tests.fsproj", "{E1F2A3B0-12E1-4001-8001-000000000002}"
EndProject
Project("{F2A71F9B-5D33-465A-A702-920D77279786}") = "Fuaran.UI.ServerDriven.AspNetCore", "src\Fuaran.UI.ServerDriven.AspNetCore\Fuaran.UI.ServerDriven.AspNetCore.fsproj", "{9D45E64C-FFE7-44A8-B900-08C6DA0EF04B}"
EndProject
Project("{F2A71F9B-5D33-465A-A702-920D77279786}") = "Fuaran.UI.ServerDriven.AspNetCore.Tests", "src\Fuaran.UI.ServerDriven.AspNetCore.Tests\Fuaran.UI.ServerDriven.AspNetCore.Tests.fsproj", "{B3BA6BFE-8685-4FE9-A6A9-539C5BEED1FD}"
EndProject
Project("{2150E333-8FDC-42A3-9474-1A3956D46DE8}") = "server-driven", "server-driven", "{2E51F6E6-6986-7D8D-D90F-B57DB4AF3773}"
EndProject
Project("{F2A71F9B-5D33-465A-A702-920D77279786}") = "ServerDriven.Sample", "samples\server-driven\ServerDriven.Sample.fsproj", "{1D42ECCD-2669-4AA4-88F3-A491410DF40F}"
EndProject
Project("{F2A71F9B-5D33-465A-A702-920D77279786}") = "Fuaran.UI.ServerDriven.WebSocket", "src\Fuaran.UI.ServerDriven.WebSocket\Fuaran.UI.ServerDriven.WebSocket.fsproj", "{B0890FAC-01FA-4E72-9FA1-FE063D078F2F}"
EndProject
Project("{F2A71F9B-5D33-465A-A702-920D77279786}") = "Fuaran.UI.ServerDriven.WebSocket.Tests", "src\Fuaran.UI.ServerDriven.WebSocket.Tests\Fuaran.UI.ServerDriven.WebSocket.Tests.fsproj", "{6E4E7FBD-A076-4996-8E9D-DBE03FA5BB88}"
EndProject
Project("{F2A71F9B-5D33-465A-A702-920D77279786}") = "Fuaran.UI.Giraffe", "src\Fuaran.UI.Giraffe\Fuaran.UI.Giraffe.fsproj", "{A51D3000-D74C-41BF-AA18-FBDCE0E5895E}"
EndProject
Project("{F2A71F9B-5D33-465A-A702-920D77279786}") = "Fuaran.UI.Giraffe.Tests", "src\Fuaran.UI.Giraffe.Tests\Fuaran.UI.Giraffe.Tests.fsproj", "{3A315809-87C9-4418-A5D7-22AAFFD84CB4}"
EndProject
Project("{2150E333-8FDC-42A3-9474-1A3956D46DE8}") = "csharp-authoring-poc", "csharp-authoring-poc", "{326A6038-2C87-487F-658A-93C0C85F8AEA}"
EndProject
Project("{FAE04EC0-301F-11D3-BF4B-00C04F79EFBC}") = "Fuaran.UI.CSharp.Poc", "samples\csharp-authoring-poc\Fuaran.UI.CSharp.Poc.csproj", "{2FEE53CD-99FE-4C47-9D66-0146E8748CDF}"
EndProject
Project("{F2A71F9B-5D33-465A-A702-920D77279786}") = "Fuaran.UI.OpStream.Dag.Abstractions", "src\Fuaran.UI.OpStream.Dag.Abstractions\Fuaran.UI.OpStream.Dag.Abstractions.fsproj", "{F0EDC631-35F2-46F1-98D5-7054C803A590}"
EndProject
Project("{F2A71F9B-5D33-465A-A702-920D77279786}") = "Fuaran.UI.OpStream.Dag.InMemory", "src\Fuaran.UI.OpStream.Dag.InMemory\Fuaran.UI.OpStream.Dag.InMemory.fsproj", "{B6BC5210-1E27-4630-9F29-E19F4590424A}"
EndProject
Project("{F2A71F9B-5D33-465A-A702-920D77279786}") = "Fuaran.UI.OpStream.Dag.Tests", "src\Fuaran.UI.OpStream.Dag.Tests\Fuaran.UI.OpStream.Dag.Tests.fsproj", "{0299F005-6621-495B-BE41-FA6226484C13}"
EndProject
Project("{F2A71F9B-5D33-465A-A702-920D77279786}") = "Fuaran.UI.OpStream.Dag.Merge", "src\Fuaran.UI.OpStream.Dag.Merge\Fuaran.UI.OpStream.Dag.Merge.fsproj", "{33EE7BFC-FA8F-4AE0-B181-14E4A48DD7F4}"
EndProject
Project("{F2A71F9B-5D33-465A-A702-920D77279786}") = "Fuaran.UI.OpStream.Dag.Sqlite", "src\Fuaran.UI.OpStream.Dag.Sqlite\Fuaran.UI.OpStream.Dag.Sqlite.fsproj", "{25E0C8D2-9AE9-465E-B243-217B3CC681E0}"
EndProject
Project("{F2A71F9B-5D33-465A-A702-920D77279786}") = "Fuaran.UI.Memo", "src\Fuaran.UI.Memo\Fuaran.UI.Memo.fsproj", "{B8D76B89-8273-4166-994C-35D81D8C2C4D}"
EndProject
Project("{2150E333-8FDC-42A3-9474-1A3956D46DE8}") = "benchmarks", "benchmarks", "{66320409-64EC-F7C5-3DEF-65E7510DAAD1}"
EndProject
Project("{F2A71F9B-5D33-465A-A702-920D77279786}") = "Fuaran.UI.Ops.Benchmarks", "benchmarks\Fuaran.UI.Ops.Benchmarks\Fuaran.UI.Ops.Benchmarks.fsproj", "{8E5056AE-364E-490A-8494-41D942FF14D0}"
EndProject
Project("{F2A71F9B-5D33-465A-A702-920D77279786}") = "Fuaran.UI.OpStream.Dag.Inspect", "src\Fuaran.UI.OpStream.Dag.Inspect\Fuaran.UI.OpStream.Dag.Inspect.fsproj", "{3C55F418-BB43-40DE-AFE2-2AE3EB76DF43}"
EndProject
Project("{F2A71F9B-5D33-465A-A702-920D77279786}") = "Fuaran.UI.OpStream.Dag.Inspect.Tests", "src\Fuaran.UI.OpStream.Dag.Inspect.Tests\Fuaran.UI.OpStream.Dag.Inspect.Tests.fsproj", "{EA89A905-AC84-4155-B477-9E99D8097E3F}"
EndProject
Project("{F2A71F9B-5D33-465A-A702-920D77279786}") = "Fuaran.UI.Ops.CleanRoom", "src\Fuaran.UI.Ops.CleanRoom\Fuaran.UI.Ops.CleanRoom.fsproj", "{F36F3B55-923B-4027-BAED-167E2A98F7BD}"
EndProject
Project("{F2A71F9B-5D33-465A-A702-920D77279786}") = "Fuaran.UI.Ops.CleanRoom.Tests", "src\Fuaran.UI.Ops.CleanRoom.Tests\Fuaran.UI.Ops.CleanRoom.Tests.fsproj", "{97A2973E-135B-4D6C-8576-51A1F1403754}"
EndProject
Project("{F2A71F9B-5D33-465A-A702-920D77279786}") = "Fuaran.UI.Catalog.Tests", "src\Fuaran.UI.Catalog.Tests\Fuaran.UI.Catalog.Tests.fsproj", "{C6F0E1E2-4BD3-4337-9C4A-2AA62C29A0E5}"
EndProject
Project("{FAE04EC0-301F-11D3-BF4B-00C04F79EFBC}") = "Fuaran.UI.CSharp", "src\Fuaran.UI.CSharp\Fuaran.UI.CSharp.csproj", "{6E364BDA-43BB-4F52-BA79-683D84640684}"
EndProject
Project("{FAE04EC0-301F-11D3-BF4B-00C04F79EFBC}") = "Fuaran.UI.CSharp.Conformance.Tests", "src\Fuaran.UI.CSharp.Conformance.Tests\Fuaran.UI.CSharp.Conformance.Tests.csproj", "{CE064C49-24AB-4C36-A898-F51B716AE415}"
EndProject
Project("{FAE04EC0-301F-11D3-BF4B-00C04F79EFBC}") = "Fuaran.UI.Analyzers", "src\Fuaran.UI.Analyzers\Fuaran.UI.Analyzers.csproj", "{8C37F60C-0B80-4D04-959C-B4DBBB9689E1}"
EndProject
Project("{FAE04EC0-301F-11D3-BF4B-00C04F79EFBC}") = "Fuaran.UI.Analyzers.Tests", "src\Fuaran.UI.Analyzers.Tests\Fuaran.UI.Analyzers.Tests.csproj", "{5F341314-AD3A-4B2C-9A57-4EA8D624F8AC}"
EndProject
Project("{F184B08F-C81C-45F6-A57F-5ABD9991F28F}") = "Fuaran.UI.VisualBasic", "src\Fuaran.UI.VisualBasic\Fuaran.UI.VisualBasic.vbproj", "{8F4CA039-F4D1-495C-B39F-5508058D11B0}"
EndProject
Project("{F184B08F-C81C-45F6-A57F-5ABD9991F28F}") = "Fuaran.UI.VisualBasic.Conformance.Tests", "src\Fuaran.UI.VisualBasic.Conformance.Tests\Fuaran.UI.VisualBasic.Conformance.Tests.vbproj", "{B08D0287-CBBE-4386-B682-651624619186}"
EndProject
Project("{FAE04EC0-301F-11D3-BF4B-00C04F79EFBC}") = "Fuaran.UI.Analyzers.VisualBasic.Tests", "src\Fuaran.UI.Analyzers.VisualBasic.Tests\Fuaran.UI.Analyzers.VisualBasic.Tests.csproj", "{3ACC100A-DEEE-4B11-A992-3CF1A17DE676}"
EndProject
Project("{F2A71F9B-5D33-465A-A702-920D77279786}") = "Fuaran.UI.FastPath", "src\Fuaran.UI.FastPath\Fuaran.UI.FastPath.fsproj", "{3682808B-36D5-4E74-8F4A-20B27C758EFE}"
EndProject
Project("{F2A71F9B-5D33-465A-A702-920D77279786}") = "Fuaran.UI.FastPath.Tests", "src\Fuaran.UI.FastPath.Tests\Fuaran.UI.FastPath.Tests.fsproj", "{6C3CBAB8-1AEF-4A61-8EF9-1C123FAC9FDC}"
EndProject
Project("{F2A71F9B-5D33-465A-A702-920D77279786}") = "Fuaran.UI.Charts", "src\Fuaran.UI.Charts\Fuaran.UI.Charts.fsproj", "{C28C5B1E-D485-4085-96C6-E78BF5D312B2}"
EndProject
Project("{F2A71F9B-5D33-465A-A702-920D77279786}") = "Fuaran.UI.Content", "src\Fuaran.UI.Content\Fuaran.UI.Content.fsproj", "{15C93D10-083F-466B-B24A-4BA914C8F7A8}"
EndProject
Project("{F2A71F9B-5D33-465A-A702-920D77279786}") = "Fuaran.UI.Content.Tests", "src\Fuaran.UI.Content.Tests\Fuaran.UI.Content.Tests.fsproj", "{22955494-B4D2-49EF-9AA9-249624DEB4D9}"
EndProject
Project("{F2A71F9B-5D33-465A-A702-920D77279786}") = "Fuaran.UI.Client", "src\Fuaran.UI.Client\Fuaran.UI.Client.fsproj", "{584CEEF9-4F91-4449-A487-BFC2905864D1}"
EndProject
Project("{F2A71F9B-5D33-465A-A702-920D77279786}") = "Fuaran.UI.Client.Tests", "src\Fuaran.UI.Client.Tests\Fuaran.UI.Client.Tests.fsproj", "{6A1CADED-9D25-41EB-BFE4-8E4A832E47AE}"
EndProject
Project("{F2A71F9B-5D33-465A-A702-920D77279786}") = "Fuaran.UI.Cli", "src\Fuaran.UI.Cli\Fuaran.UI.Cli.fsproj", "{313B10BF-BA99-4A92-80E2-D715B19D0D78}"
EndProject
Project("{F2A71F9B-5D33-465A-A702-920D77279786}") = "Fuaran.UI.Cli.Tests", "src\Fuaran.UI.Cli.Tests\Fuaran.UI.Cli.Tests.fsproj", "{2781A6DB-AAEE-4F5C-8814-46C439705378}"
EndProject
Project("{F2A71F9B-5D33-465A-A702-920D77279786}") = "SdkIntegration.Server", "samples\sdk-integration\server\SdkIntegration.Server.fsproj", "{085BFD9C-D834-4030-AFB9-71A99D7BDA1D}"
EndProject
Project("{F2A71F9B-5D33-465A-A702-920D77279786}") = "SdkIntegration.Client", "samples\sdk-integration\client\SdkIntegration.Client.fsproj", "{1299EDC7-1563-4AB1-BC0F-985EF817DA25}"
EndProject
Project("{F2A71F9B-5D33-465A-A702-920D77279786}") = "SdkIntegration.Tests", "samples\sdk-integration\tests\SdkIntegration.Tests.fsproj", "{FDCBA259-6D9D-4BD6-B410-2D0AE0B9CDBD}"
EndProject
Global
	GlobalSection(SolutionConfigurationPlatforms) = preSolution
		Debug|Any CPU = Debug|Any CPU
		Debug|x64 = Debug|x64
		Debug|x86 = Debug|x86
		Release|Any CPU = Release|Any CPU
		Release|x64 = Release|x64
		Release|x86 = Release|x86
	EndGlobalSection
	GlobalSection(ProjectConfigurationPlatforms) = postSolution
		{6678609D-855B-4DBF-A65E-C7D50D90B289}.Debug|Any CPU.ActiveCfg = Debug|Any CPU
		{6678609D-855B-4DBF-A65E-C7D50D90B289}.Debug|Any CPU.Build.0 = Debug|Any CPU
		{6678609D-855B-4DBF-A65E-C7D50D90B289}.Debug|x64.ActiveCfg = Debug|Any CPU
		{6678609D-855B-4DBF-A65E-C7D50D90B289}.Debug|x64.Build.0 = Debug|Any CPU
		{6678609D-855B-4DBF-A65E-C7D50D90B289}.Debug|x86.ActiveCfg = Debug|Any CPU
		{6678609D-855B-4DBF-A65E-C7D50D90B289}.Debug|x86.Build.0 = Debug|Any CPU
		{6678609D-855B-4DBF-A65E-C7D50D90B289}.Release|Any CPU.ActiveCfg = Release|Any CPU
		{6678609D-855B-4DBF-A65E-C7D50D90B289}.Release|Any CPU.Build.0 = Release|Any CPU
		{6678609D-855B-4DBF-A65E-C7D50D90B289}.Release|x64.ActiveCfg = Release|Any CPU
		{6678609D-855B-4DBF-A65E-C7D50D90B289}.Release|x64.Build.0 = Release|Any CPU
		{6678609D-855B-4DBF-A65E-C7D50D90B289}.Release|x86.ActiveCfg = Release|Any CPU
		{6678609D-855B-4DBF-A65E-C7D50D90B289}.Release|x86.Build.0 = Release|Any CPU
		{D7A62572-44BB-4B3E-AE0C-62AF8CE655B0}.Debug|Any CPU.ActiveCfg = Debug|Any CPU
		{D7A62572-44BB-4B3E-AE0C-62AF8CE655B0}.Debug|Any CPU.Build.0 = Debug|Any CPU
		{D7A62572-44BB-4B3E-AE0C-62AF8CE655B0}.Debug|x64.ActiveCfg = Debug|Any CPU
		{D7A62572-44BB-4B3E-AE0C-62AF8CE655B0}.Debug|x64.Build.0 = Debug|Any CPU
		{D7A62572-44BB-4B3E-AE0C-62AF8CE655B0}.Debug|x86.ActiveCfg = Debug|Any CPU
		{D7A62572-44BB-4B3E-AE0C-62AF8CE655B0}.Debug|x86.Build.0 = Debug|Any CPU
		{D7A62572-44BB-4B3E-AE0C-62AF8CE655B0}.Release|Any CPU.ActiveCfg = Release|Any CPU
		{D7A62572-44BB-4B3E-AE0C-62AF8CE655B0}.Release|Any CPU.Build.0 = Release|Any CPU
		{D7A62572-44BB-4B3E-AE0C-62AF8CE655B0}.Release|x64.ActiveCfg = Release|Any CPU
		{D7A62572-44BB-4B3E-AE0C-62AF8CE655B0}.Release|x64.Build.0 = Release|Any CPU
		{D7A62572-44BB-4B3E-AE0C-62AF8CE655B0}.Release|x86.ActiveCfg = Release|Any CPU
		{D7A62572-44BB-4B3E-AE0C-62AF8CE655B0}.Release|x86.Build.0 = Release|Any CPU
		{E6865530-060B-4907-AC9B-BD8553ECAB0B}.Debug|Any CPU.ActiveCfg = Debug|Any CPU
		{E6865530-060B-4907-AC9B-BD8553ECAB0B}.Debug|Any CPU.Build.0 = Debug|Any CPU
		{E6865530-060B-4907-AC9B-BD8553ECAB0B}.Debug|x64.ActiveCfg = Debug|Any CPU
		{E6865530-060B-4907-AC9B-BD8553ECAB0B}.Debug|x64.Build.0 = Debug|Any CPU
		{E6865530-060B-4907-AC9B-BD8553ECAB0B}.Debug|x86.ActiveCfg = Debug|Any CPU
		{E6865530-060B-4907-AC9B-BD8553ECAB0B}.Debug|x86.Build.0 = Debug|Any CPU
		{E6865530-060B-4907-AC9B-BD8553ECAB0B}.Release|Any CPU.ActiveCfg = Release|Any CPU
		{E6865530-060B-4907-AC9B-BD8553ECAB0B}.Release|Any CPU.Build.0 = Release|Any CPU
		{E6865530-060B-4907-AC9B-BD8553ECAB0B}.Release|x64.ActiveCfg = Release|Any CPU
		{E6865530-060B-4907-AC9B-BD8553ECAB0B}.Release|x64.Build.0 = Release|Any CPU
		{E6865530-060B-4907-AC9B-BD8553ECAB0B}.Release|x86.ActiveCfg = Release|Any CPU
		{E6865530-060B-4907-AC9B-BD8553ECAB0B}.Release|x86.Build.0 = Release|Any CPU
		{DECF1F2A-C940-4724-BBD9-82E7547FA0E2}.Debug|Any CPU.ActiveCfg = Debug|Any CPU
		{DECF1F2A-C940-4724-BBD9-82E7547FA0E2}.Debug|Any CPU.Build.0 = Debug|Any CPU
		{DECF1F2A-C940-4724-BBD9-82E7547FA0E2}.Debug|x64.ActiveCfg = Debug|Any CPU
		{DECF1F2A-C940-4724-BBD9-82E7547FA0E2}.Debug|x64.Build.0 = Debug|Any CPU
		{DECF1F2A-C940-4724-BBD9-82E7547FA0E2}.Debug|x86.ActiveCfg = Debug|Any CPU
		{DECF1F2A-C940-4724-BBD9-82E7547FA0E2}.Debug|x86.Build.0 = Debug|Any CPU
		{DECF1F2A-C940-4724-BBD9-82E7547FA0E2}.Release|Any CPU.ActiveCfg = Release|Any CPU
		{DECF1F2A-C940-4724-BBD9-82E7547FA0E2}.Release|Any CPU.Build.0 = Release|Any CPU
		{DECF1F2A-C940-4724-BBD9-82E7547FA0E2}.Release|x64.ActiveCfg = Release|Any CPU
		{DECF1F2A-C940-4724-BBD9-82E7547FA0E2}.Release|x64.Build.0 = Release|Any CPU
		{DECF1F2A-C940-4724-BBD9-82E7547FA0E2}.Release|x86.ActiveCfg = Release|Any CPU
		{DECF1F2A-C940-4724-BBD9-82E7547FA0E2}.Release|x86.Build.0 = Release|Any CPU
		{1B3A0EAA-7E2F-4D9C-A21E-1A12C0D7FBC2}.Debug|Any CPU.ActiveCfg = Debug|Any CPU
		{1B3A0EAA-7E2F-4D9C-A21E-1A12C0D7FBC2}.Debug|Any CPU.Build.0 = Debug|Any CPU
		{1B3A0EAA-7E2F-4D9C-A21E-1A12C0D7FBC2}.Debug|x64.ActiveCfg = Debug|Any CPU
		{1B3A0EAA-7E2F-4D9C-A21E-1A12C0D7FBC2}.Debug|x64.Build.0 = Debug|Any CPU
		{1B3A0EAA-7E2F-4D9C-A21E-1A12C0D7FBC2}.Debug|x86.ActiveCfg = Debug|Any CPU
		{1B3A0EAA-7E2F-4D9C-A21E-1A12C0D7FBC2}.Debug|x86.Build.0 = Debug|Any CPU
		{1B3A0EAA-7E2F-4D9C-A21E-1A12C0D7FBC2}.Release|Any CPU.ActiveCfg = Release|Any CPU
		{1B3A0EAA-7E2F-4D9C-A21E-1A12C0D7FBC2}.Release|Any CPU.Build.0 = Release|Any CPU
		{1B3A0EAA-7E2F-4D9C-A21E-1A12C0D7FBC2}.Release|x64.ActiveCfg = Release|Any CPU
		{1B3A0EAA-7E2F-4D9C-A21E-1A12C0D7FBC2}.Release|x64.Build.0 = Release|Any CPU
		{1B3A0EAA-7E2F-4D9C-A21E-1A12C0D7FBC2}.Release|x86.ActiveCfg = Release|Any CPU
		{1B3A0EAA-7E2F-4D9C-A21E-1A12C0D7FBC2}.Release|x86.Build.0 = Release|Any CPU
		{2C40F9BB-913E-4B5C-A93B-4F66D8B5F7E7}.Debug|Any CPU.ActiveCfg = Debug|Any CPU
		{2C40F9BB-913E-4B5C-A93B-4F66D8B5F7E7}.Debug|Any CPU.Build.0 = Debug|Any CPU
		{2C40F9BB-913E-4B5C-A93B-4F66D8B5F7E7}.Debug|x64.ActiveCfg = Debug|Any CPU
		{2C40F9BB-913E-4B5C-A93B-4F66D8B5F7E7}.Debug|x64.Build.0 = Debug|Any CPU
		{2C40F9BB-913E-4B5C-A93B-4F66D8B5F7E7}.Debug|x86.ActiveCfg = Debug|Any CPU
		{2C40F9BB-913E-4B5C-A93B-4F66D8B5F7E7}.Debug|x86.Build.0 = Debug|Any CPU
		{2C40F9BB-913E-4B5C-A93B-4F66D8B5F7E7}.Release|Any CPU.ActiveCfg = Release|Any CPU
		{2C40F9BB-913E-4B5C-A93B-4F66D8B5F7E7}.Release|Any CPU.Build.0 = Release|Any CPU
		{2C40F9BB-913E-4B5C-A93B-4F66D8B5F7E7}.Release|x64.ActiveCfg = Release|Any CPU
		{2C40F9BB-913E-4B5C-A93B-4F66D8B5F7E7}.Release|x64.Build.0 = Release|Any CPU
		{2C40F9BB-913E-4B5C-A93B-4F66D8B5F7E7}.Release|x86.ActiveCfg = Release|Any CPU
		{2C40F9BB-913E-4B5C-A93B-4F66D8B5F7E7}.Release|x86.Build.0 = Release|Any CPU
		{860E16EE-30CA-41DC-8B9C-3F630AD9CB3E}.Debug|Any CPU.ActiveCfg = Debug|Any CPU
		{860E16EE-30CA-41DC-8B9C-3F630AD9CB3E}.Debug|Any CPU.Build.0 = Debug|Any CPU
		{860E16EE-30CA-41DC-8B9C-3F630AD9CB3E}.Debug|x64.ActiveCfg = Debug|Any CPU
		{860E16EE-30CA-41DC-8B9C-3F630AD9CB3E}.Debug|x64.Build.0 = Debug|Any CPU
		{860E16EE-30CA-41DC-8B9C-3F630AD9CB3E}.Debug|x86.ActiveCfg = Debug|Any CPU
		{860E16EE-30CA-41DC-8B9C-3F630AD9CB3E}.Debug|x86.Build.0 = Debug|Any CPU
		{860E16EE-30CA-41DC-8B9C-3F630AD9CB3E}.Release|Any CPU.ActiveCfg = Release|Any CPU
		{860E16EE-30CA-41DC-8B9C-3F630AD9CB3E}.Release|Any CPU.Build.0 = Release|Any CPU
		{860E16EE-30CA-41DC-8B9C-3F630AD9CB3E}.Release|x64.ActiveCfg = Release|Any CPU
		{860E16EE-30CA-41DC-8B9C-3F630AD9CB3E}.Release|x64.Build.0 = Release|Any CPU
		{860E16EE-30CA-41DC-8B9C-3F630AD9CB3E}.Release|x86.ActiveCfg = Release|Any CPU
		{860E16EE-30CA-41DC-8B9C-3F630AD9CB3E}.Release|x86.Build.0 = Release|Any CPU
		{D2A9E641-7B0F-4F4F-99E1-65A2CA12BC8A}.Debug|Any CPU.ActiveCfg = Debug|Any CPU
		{D2A9E641-7B0F-4F4F-99E1-65A2CA12BC8A}.Debug|Any CPU.Build.0 = Debug|Any CPU
		{D2A9E641-7B0F-4F4F-99E1-65A2CA12BC8A}.Debug|x64.ActiveCfg = Debug|Any CPU
		{D2A9E641-7B0F-4F4F-99E1-65A2CA12BC8A}.Debug|x64.Build.0 = Debug|Any CPU
		{D2A9E641-7B0F-4F4F-99E1-65A2CA12BC8A}.Debug|x86.ActiveCfg = Debug|Any CPU
		{D2A9E641-7B0F-4F4F-99E1-65A2CA12BC8A}.Debug|x86.Build.0 = Debug|Any CPU
		{D2A9E641-7B0F-4F4F-99E1-65A2CA12BC8A}.Release|Any CPU.ActiveCfg = Release|Any CPU
		{D2A9E641-7B0F-4F4F-99E1-65A2CA12BC8A}.Release|Any CPU.Build.0 = Release|Any CPU
		{D2A9E641-7B0F-4F4F-99E1-65A2CA12BC8A}.Release|x64.ActiveCfg = Release|Any CPU
		{D2A9E641-7B0F-4F4F-99E1-65A2CA12BC8A}.Release|x64.Build.0 = Release|Any CPU
		{D2A9E641-7B0F-4F4F-99E1-65A2CA12BC8A}.Release|x86.ActiveCfg = Release|Any CPU
		{D2A9E641-7B0F-4F4F-99E1-65A2CA12BC8A}.Release|x86.Build.0 = Release|Any CPU
		{41B6CD1E-5437-42D2-B568-1FA05A148B4F}.Debug|Any CPU.ActiveCfg = Debug|Any CPU
		{41B6CD1E-5437-42D2-B568-1FA05A148B4F}.Debug|Any CPU.Build.0 = Debug|Any CPU
		{41B6CD1E-5437-42D2-B568-1FA05A148B4F}.Debug|x64.ActiveCfg = Debug|Any CPU
		{41B6CD1E-5437-42D2-B568-1FA05A148B4F}.Debug|x64.Build.0 = Debug|Any CPU
		{41B6CD1E-5437-42D2-B568-1FA05A148B4F}.Debug|x86.ActiveCfg = Debug|Any CPU
		{41B6CD1E-5437-42D2-B568-1FA05A148B4F}.Debug|x86.Build.0 = Debug|Any CPU
		{41B6CD1E-5437-42D2-B568-1FA05A148B4F}.Release|Any CPU.ActiveCfg = Release|Any CPU
		{41B6CD1E-5437-42D2-B568-1FA05A148B4F}.Release|Any CPU.Build.0 = Release|Any CPU
		{41B6CD1E-5437-42D2-B568-1FA05A148B4F}.Release|x64.ActiveCfg = Release|Any CPU
		{41B6CD1E-5437-42D2-B568-1FA05A148B4F}.Release|x64.Build.0 = Release|Any CPU
		{41B6CD1E-5437-42D2-B568-1FA05A148B4F}.Release|x86.ActiveCfg = Release|Any CPU
		{41B6CD1E-5437-42D2-B568-1FA05A148B4F}.Release|x86.Build.0 = Release|Any CPU
		{AF75CEAA-68CA-41B1-A19A-5E7AD812411A}.Debug|Any CPU.ActiveCfg = Debug|Any CPU
		{AF75CEAA-68CA-41B1-A19A-5E7AD812411A}.Debug|Any CPU.Build.0 = Debug|Any CPU
		{AF75CEAA-68CA-41B1-A19A-5E7AD812411A}.Debug|x64.ActiveCfg = Debug|Any CPU
		{AF75CEAA-68CA-41B1-A19A-5E7AD812411A}.Debug|x64.Build.0 = Debug|Any CPU
		{AF75CEAA-68CA-41B1-A19A-5E7AD812411A}.Debug|x86.ActiveCfg = Debug|Any CPU
		{AF75CEAA-68CA-41B1-A19A-5E7AD812411A}.Debug|x86.Build.0 = Debug|Any CPU
		{AF75CEAA-68CA-41B1-A19A-5E7AD812411A}.Release|Any CPU.ActiveCfg = Release|Any CPU
		{AF75CEAA-68CA-41B1-A19A-5E7AD812411A}.Release|Any CPU.Build.0 = Release|Any CPU
		{AF75CEAA-68CA-41B1-A19A-5E7AD812411A}.Release|x64.ActiveCfg = Release|Any CPU
		{AF75CEAA-68CA-41B1-A19A-5E7AD812411A}.Release|x64.Build.0 = Release|Any CPU
		{AF75CEAA-68CA-41B1-A19A-5E7AD812411A}.Release|x86.ActiveCfg = Release|Any CPU
		{AF75CEAA-68CA-41B1-A19A-5E7AD812411A}.Release|x86.Build.0 = Release|Any CPU
		{E54D8A11-1C2B-4F0A-9D72-3B57F1D8C9A1}.Debug|Any CPU.ActiveCfg = Debug|Any CPU
		{E54D8A11-1C2B-4F0A-9D72-3B57F1D8C9A1}.Debug|Any CPU.Build.0 = Debug|Any CPU
		{E54D8A11-1C2B-4F0A-9D72-3B57F1D8C9A1}.Debug|x64.ActiveCfg = Debug|Any CPU
		{E54D8A11-1C2B-4F0A-9D72-3B57F1D8C9A1}.Debug|x64.Build.0 = Debug|Any CPU
		{E54D8A11-1C2B-4F0A-9D72-3B57F1D8C9A1}.Debug|x86.ActiveCfg = Debug|Any CPU
		{E54D8A11-1C2B-4F0A-9D72-3B57F1D8C9A1}.Debug|x86.Build.0 = Debug|Any CPU
		{E54D8A11-1C2B-4F0A-9D72-3B57F1D8C9A1}.Release|Any CPU.ActiveCfg = Release|Any CPU
		{E54D8A11-1C2B-4F0A-9D72-3B57F1D8C9A1}.Release|Any CPU.Build.0 = Release|Any CPU
		{E54D8A11-1C2B-4F0A-9D72-3B57F1D8C9A1}.Release|x64.ActiveCfg = Release|Any CPU
		{E54D8A11-1C2B-4F0A-9D72-3B57F1D8C9A1}.Release|x64.Build.0 = Release|Any CPU
		{E54D8A11-1C2B-4F0A-9D72-3B57F1D8C9A1}.Release|x86.ActiveCfg = Release|Any CPU
		{E54D8A11-1C2B-4F0A-9D72-3B57F1D8C9A1}.Release|x86.Build.0 = Release|Any CPU
		{F671C9B2-23DD-4A8E-B53C-9F8E2A6BD1E0}.Debug|Any CPU.ActiveCfg = Debug|Any CPU
		{F671C9B2-23DD-4A8E-B53C-9F8E2A6BD1E0}.Debug|Any CPU.Build.0 = Debug|Any CPU
		{F671C9B2-23DD-4A8E-B53C-9F8E2A6BD1E0}.Debug|x64.ActiveCfg = Debug|Any CPU
		{F671C9B2-23DD-4A8E-B53C-9F8E2A6BD1E0}.Debug|x64.Build.0 = Debug|Any CPU
		{F671C9B2-23DD-4A8E-B53C-9F8E2A6BD1E0}.Debug|x86.ActiveCfg = Debug|Any CPU
		{F671C9B2-23DD-4A8E-B53C-9F8E2A6BD1E0}.Debug|x86.Build.0 = Debug|Any CPU
		{F671C9B2-23DD-4A8E-B53C-9F8E2A6BD1E0}.Release|Any CPU.ActiveCfg = Release|Any CPU
		{F671C9B2-23DD-4A8E-B53C-9F8E2A6BD1E0}.Release|Any CPU.Build.0 = Release|Any CPU
		{F671C9B2-23DD-4A8E-B53C-9F8E2A6BD1E0}.Release|x64.ActiveCfg = Release|Any CPU
		{F671C9B2-23DD-4A8E-B53C-9F8E2A6BD1E0}.Release|x64.Build.0 = Release|Any CPU
		{F671C9B2-23DD-4A8E-B53C-9F8E2A6BD1E0}.Release|x86.ActiveCfg = Release|Any CPU
		{F671C9B2-23DD-4A8E-B53C-9F8E2A6BD1E0}.Release|x86.Build.0 = Release|Any CPU
		{A0B0C0D0-12A0-4001-8001-000000000001}.Debug|Any CPU.ActiveCfg = Debug|Any CPU
		{A0B0C0D0-12A0-4001-8001-000000000001}.Debug|Any CPU.Build.0 = Debug|Any CPU
		{A0B0C0D0-12A0-4001-8001-000000000001}.Debug|x64.ActiveCfg = Debug|Any CPU
		{A0B0C0D0-12A0-4001-8001-000000000001}.Debug|x64.Build.0 = Debug|Any CPU
		{A0B0C0D0-12A0-4001-8001-000000000001}.Debug|x86.ActiveCfg = Debug|Any CPU
		{A0B0C0D0-12A0-4001-8001-000000000001}.Debug|x86.Build.0 = Debug|Any CPU
		{A0B0C0D0-12A0-4001-8001-000000000001}.Release|Any CPU.ActiveCfg = Release|Any CPU
		{A0B0C0D0-12A0-4001-8001-000000000001}.Release|Any CPU.Build.0 = Release|Any CPU
		{A0B0C0D0-12A0-4001-8001-000000000001}.Release|x64.ActiveCfg = Release|Any CPU
		{A0B0C0D0-12A0-4001-8001-000000000001}.Release|x64.Build.0 = Release|Any CPU
		{A0B0C0D0-12A0-4001-8001-000000000001}.Release|x86.ActiveCfg = Release|Any CPU
		{A0B0C0D0-12A0-4001-8001-000000000001}.Release|x86.Build.0 = Release|Any CPU
		{A0B0C0D0-12A0-4001-8001-000000000002}.Debug|Any CPU.ActiveCfg = Debug|Any CPU
		{A0B0C0D0-12A0-4001-8001-000000000002}.Debug|Any CPU.Build.0 = Debug|Any CPU
		{A0B0C0D0-12A0-4001-8001-000000000002}.Debug|x64.ActiveCfg = Debug|Any CPU
		{A0B0C0D0-12A0-4001-8001-000000000002}.Debug|x64.Build.0 = Debug|Any CPU
		{A0B0C0D0-12A0-4001-8001-000000000002}.Debug|x86.ActiveCfg = Debug|Any CPU
		{A0B0C0D0-12A0-4001-8001-000000000002}.Debug|x86.Build.0 = Debug|Any CPU
		{A0B0C0D0-12A0-4001-8001-000000000002}.Release|Any CPU.ActiveCfg = Release|Any CPU
		{A0B0C0D0-12A0-4001-8001-000000000002}.Release|Any CPU.Build.0 = Release|Any CPU
		{A0B0C0D0-12A0-4001-8001-000000000002}.Release|x64.ActiveCfg = Release|Any CPU
		{A0B0C0D0-12A0-4001-8001-000000000002}.Release|x64.Build.0 = Release|Any CPU
		{A0B0C0D0-12A0-4001-8001-000000000002}.Release|x86.ActiveCfg = Release|Any CPU
		{A0B0C0D0-12A0-4001-8001-000000000002}.Release|x86.Build.0 = Release|Any CPU
		{A0B0C0D0-12A0-4001-8001-000000000003}.Debug|Any CPU.ActiveCfg = Debug|Any CPU
		{A0B0C0D0-12A0-4001-8001-000000000003}.Debug|Any CPU.Build.0 = Debug|Any CPU
		{A0B0C0D0-12A0-4001-8001-000000000003}.Debug|x64.ActiveCfg = Debug|Any CPU
		{A0B0C0D0-12A0-4001-8001-000000000003}.Debug|x64.Build.0 = Debug|Any CPU
		{A0B0C0D0-12A0-4001-8001-000000000003}.Debug|x86.ActiveCfg = Debug|Any CPU
		{A0B0C0D0-12A0-4001-8001-000000000003}.Debug|x86.Build.0 = Debug|Any CPU
		{A0B0C0D0-12A0-4001-8001-000000000003}.Release|Any CPU.ActiveCfg = Release|Any CPU
		{A0B0C0D0-12A0-4001-8001-000000000003}.Release|Any CPU.Build.0 = Release|Any CPU
		{A0B0C0D0-12A0-4001-8001-000000000003}.Release|x64.ActiveCfg = Release|Any CPU
		{A0B0C0D0-12A0-4001-8001-000000000003}.Release|x64.Build.0 = Release|Any CPU
		{A0B0C0D0-12A0-4001-8001-000000000003}.Release|x86.ActiveCfg = Release|Any CPU
		{A0B0C0D0-12A0-4001-8001-000000000003}.Release|x86.Build.0 = Release|Any CPU
		{A0B0C0D0-12A0-4001-8001-000000000004}.Debug|Any CPU.ActiveCfg = Debug|Any CPU
		{A0B0C0D0-12A0-4001-8001-000000000004}.Debug|Any CPU.Build.0 = Debug|Any CPU
		{A0B0C0D0-12A0-4001-8001-000000000004}.Debug|x64.ActiveCfg = Debug|Any CPU
		{A0B0C0D0-12A0-4001-8001-000000000004}.Debug|x64.Build.0 = Debug|Any CPU
		{A0B0C0D0-12A0-4001-8001-000000000004}.Debug|x86.ActiveCfg = Debug|Any CPU
		{A0B0C0D0-12A0-4001-8001-000000000004}.Debug|x86.Build.0 = Debug|Any CPU
		{A0B0C0D0-12A0-4001-8001-000000000004}.Release|Any CPU.ActiveCfg = Release|Any CPU
		{A0B0C0D0-12A0-4001-8001-000000000004}.Release|Any CPU.Build.0 = Release|Any CPU
		{A0B0C0D0-12A0-4001-8001-000000000004}.Release|x64.ActiveCfg = Release|Any CPU
		{A0B0C0D0-12A0-4001-8001-000000000004}.Release|x64.Build.0 = Release|Any CPU
		{A0B0C0D0-12A0-4001-8001-000000000004}.Release|x86.ActiveCfg = Release|Any CPU
		{A0B0C0D0-12A0-4001-8001-000000000004}.Release|x86.Build.0 = Release|Any CPU
		{A0B0C0D0-12A0-4001-8001-000000000005}.Debug|Any CPU.ActiveCfg = Debug|Any CPU
		{A0B0C0D0-12A0-4001-8001-000000000005}.Debug|Any CPU.Build.0 = Debug|Any CPU
		{A0B0C0D0-12A0-4001-8001-000000000005}.Debug|x64.ActiveCfg = Debug|Any CPU
		{A0B0C0D0-12A0-4001-8001-000000000005}.Debug|x64.Build.0 = Debug|Any CPU
		{A0B0C0D0-12A0-4001-8001-000000000005}.Debug|x86.ActiveCfg = Debug|Any CPU
		{A0B0C0D0-12A0-4001-8001-000000000005}.Debug|x86.Build.0 = Debug|Any CPU
		{A0B0C0D0-12A0-4001-8001-000000000005}.Release|Any CPU.ActiveCfg = Release|Any CPU
		{A0B0C0D0-12A0-4001-8001-000000000005}.Release|Any CPU.Build.0 = Release|Any CPU
		{A0B0C0D0-12A0-4001-8001-000000000005}.Release|x64.ActiveCfg = Release|Any CPU
		{A0B0C0D0-12A0-4001-8001-000000000005}.Release|x64.Build.0 = Release|Any CPU
		{A0B0C0D0-12A0-4001-8001-000000000005}.Release|x86.ActiveCfg = Release|Any CPU
		{A0B0C0D0-12A0-4001-8001-000000000005}.Release|x86.Build.0 = Release|Any CPU
		{B0C0D0E0-12B0-4001-8001-000000000001}.Debug|Any CPU.ActiveCfg = Debug|Any CPU
		{B0C0D0E0-12B0-4001-8001-000000000001}.Debug|Any CPU.Build.0 = Debug|Any CPU
		{B0C0D0E0-12B0-4001-8001-000000000001}.Debug|x64.ActiveCfg = Debug|Any CPU
		{B0C0D0E0-12B0-4001-8001-000000000001}.Debug|x64.Build.0 = Debug|Any CPU
		{B0C0D0E0-12B0-4001-8001-000000000001}.Debug|x86.ActiveCfg = Debug|Any CPU
		{B0C0D0E0-12B0-4001-8001-000000000001}.Debug|x86.Build.0 = Debug|Any CPU
		{B0C0D0E0-12B0-4001-8001-000000000001}.Release|Any CPU.ActiveCfg = Release|Any CPU
		{B0C0D0E0-12B0-4001-8001-000000000001}.Release|Any CPU.Build.0 = Release|Any CPU
		{B0C0D0E0-12B0-4001-8001-000000000001}.Release|x64.ActiveCfg = Release|Any CPU
		{B0C0D0E0-12B0-4001-8001-000000000001}.Release|x64.Build.0 = Release|Any CPU
		{B0C0D0E0-12B0-4001-8001-000000000001}.Release|x86.ActiveCfg = Release|Any CPU
		{B0C0D0E0-12B0-4001-8001-000000000001}.Release|x86.Build.0 = Release|Any CPU
		{B0C0D0E0-12B0-4001-8001-000000000002}.Debug|Any CPU.ActiveCfg = Debug|Any CPU
		{B0C0D0E0-12B0-4001-8001-000000000002}.Debug|Any CPU.Build.0 = Debug|Any CPU
		{B0C0D0E0-12B0-4001-8001-000000000002}.Debug|x64.ActiveCfg = Debug|Any CPU
		{B0C0D0E0-12B0-4001-8001-000000000002}.Debug|x64.Build.0 = Debug|Any CPU
		{B0C0D0E0-12B0-4001-8001-000000000002}.Debug|x86.ActiveCfg = Debug|Any CPU
		{B0C0D0E0-12B0-4001-8001-000000000002}.Debug|x86.Build.0 = Debug|Any CPU
		{B0C0D0E0-12B0-4001-8001-000000000002}.Release|Any CPU.ActiveCfg = Release|Any CPU
		{B0C0D0E0-12B0-4001-8001-000000000002}.Release|Any CPU.Build.0 = Release|Any CPU
		{B0C0D0E0-12B0-4001-8001-000000000002}.Release|x64.ActiveCfg = Release|Any CPU
		{B0C0D0E0-12B0-4001-8001-000000000002}.Release|x64.Build.0 = Release|Any CPU
		{B0C0D0E0-12B0-4001-8001-000000000002}.Release|x86.ActiveCfg = Release|Any CPU
		{B0C0D0E0-12B0-4001-8001-000000000002}.Release|x86.Build.0 = Release|Any CPU
		{B0C0D0E0-12B0-4001-8001-000000000003}.Debug|Any CPU.ActiveCfg = Debug|Any CPU
		{B0C0D0E0-12B0-4001-8001-000000000003}.Debug|Any CPU.Build.0 = Debug|Any CPU
		{B0C0D0E0-12B0-4001-8001-000000000003}.Debug|x64.ActiveCfg = Debug|Any CPU
		{B0C0D0E0-12B0-4001-8001-000000000003}.Debug|x64.Build.0 = Debug|Any CPU
		{B0C0D0E0-12B0-4001-8001-000000000003}.Debug|x86.ActiveCfg = Debug|Any CPU
		{B0C0D0E0-12B0-4001-8001-000000000003}.Debug|x86.Build.0 = Debug|Any CPU
		{B0C0D0E0-12B0-4001-8001-000000000003}.Release|Any CPU.ActiveCfg = Release|Any CPU
		{B0C0D0E0-12B0-4001-8001-000000000003}.Release|Any CPU.Build.0 = Release|Any CPU
		{B0C0D0E0-12B0-4001-8001-000000000003}.Release|x64.ActiveCfg = Release|Any CPU
		{B0C0D0E0-12B0-4001-8001-000000000003}.Release|x64.Build.0 = Release|Any CPU
		{B0C0D0E0-12B0-4001-8001-000000000003}.Release|x86.ActiveCfg = Release|Any CPU
		{B0C0D0E0-12B0-4001-8001-000000000003}.Release|x86.Build.0 = Release|Any CPU
		{C0D0E0F0-12C0-4001-8001-000000000001}.Debug|Any CPU.ActiveCfg = Debug|Any CPU
		{C0D0E0F0-12C0-4001-8001-000000000001}.Debug|Any CPU.Build.0 = Debug|Any CPU
		{C0D0E0F0-12C0-4001-8001-000000000001}.Debug|x64.ActiveCfg = Debug|Any CPU
		{C0D0E0F0-12C0-4001-8001-000000000001}.Debug|x64.Build.0 = Debug|Any CPU
		{C0D0E0F0-12C0-4001-8001-000000000001}.Debug|x86.ActiveCfg = Debug|Any CPU
		{C0D0E0F0-12C0-4001-8001-000000000001}.Debug|x86.Build.0 = Debug|Any CPU
		{C0D0E0F0-12C0-4001-8001-000000000001}.Release|Any CPU.ActiveCfg = Release|Any CPU
		{C0D0E0F0-12C0-4001-8001-000000000001}.Release|Any CPU.Build.0 = Release|Any CPU
		{C0D0E0F0-12C0-4001-8001-000000000001}.Release|x64.ActiveCfg = Release|Any CPU
		{C0D0E0F0-12C0-4001-8001-000000000001}.Release|x64.Build.0 = Release|Any CPU
		{C0D0E0F0-12C0-4001-8001-000000000001}.Release|x86.ActiveCfg = Release|Any CPU
		{C0D0E0F0-12C0-4001-8001-000000000001}.Release|x86.Build.0 = Release|Any CPU
		{C0D0E0F0-12C0-4001-8001-000000000002}.Debug|Any CPU.ActiveCfg = Debug|Any CPU
		{C0D0E0F0-12C0-4001-8001-000000000002}.Debug|Any CPU.Build.0 = Debug|Any CPU
		{C0D0E0F0-12C0-4001-8001-000000000002}.Debug|x64.ActiveCfg = Debug|Any CPU
		{C0D0E0F0-12C0-4001-8001-000000000002}.Debug|x64.Build.0 = Debug|Any CPU
		{C0D0E0F0-12C0-4001-8001-000000000002}.Debug|x86.ActiveCfg = Debug|Any CPU
		{C0D0E0F0-12C0-4001-8001-000000000002}.Debug|x86.Build.0 = Debug|Any CPU
		{C0D0E0F0-12C0-4001-8001-000000000002}.Release|Any CPU.ActiveCfg = Release|Any CPU
		{C0D0E0F0-12C0-4001-8001-000000000002}.Release|Any CPU.Build.0 = Release|Any CPU
		{C0D0E0F0-12C0-4001-8001-000000000002}.Release|x64.ActiveCfg = Release|Any CPU
		{C0D0E0F0-12C0-4001-8001-000000000002}.Release|x64.Build.0 = Release|Any CPU
		{C0D0E0F0-12C0-4001-8001-000000000002}.Release|x86.ActiveCfg = Release|Any CPU
		{C0D0E0F0-12C0-4001-8001-000000000002}.Release|x86.Build.0 = Release|Any CPU
		{C0D0E0F0-12C0-4001-8001-000000000003}.Debug|Any CPU.ActiveCfg = Debug|Any CPU
		{C0D0E0F0-12C0-4001-8001-000000000003}.Debug|Any CPU.Build.0 = Debug|Any CPU
		{C0D0E0F0-12C0-4001-8001-000000000003}.Debug|x64.ActiveCfg = Debug|Any CPU
		{C0D0E0F0-12C0-4001-8001-000000000003}.Debug|x64.Build.0 = Debug|Any CPU
		{C0D0E0F0-12C0-4001-8001-000000000003}.Debug|x86.ActiveCfg = Debug|Any CPU
		{C0D0E0F0-12C0-4001-8001-000000000003}.Debug|x86.Build.0 = Debug|Any CPU
		{C0D0E0F0-12C0-4001-8001-000000000003}.Release|Any CPU.ActiveCfg = Release|Any CPU
		{C0D0E0F0-12C0-4001-8001-000000000003}.Release|Any CPU.Build.0 = Release|Any CPU
		{C0D0E0F0-12C0-4001-8001-000000000003}.Release|x64.ActiveCfg = Release|Any CPU
		{C0D0E0F0-12C0-4001-8001-000000000003}.Release|x64.Build.0 = Release|Any CPU
		{C0D0E0F0-12C0-4001-8001-000000000003}.Release|x86.ActiveCfg = Release|Any CPU
		{C0D0E0F0-12C0-4001-8001-000000000003}.Release|x86.Build.0 = Release|Any CPU
		{C0D0E0F0-12C0-4001-8001-000000000004}.Debug|Any CPU.ActiveCfg = Debug|Any CPU
		{C0D0E0F0-12C0-4001-8001-000000000004}.Debug|Any CPU.Build.0 = Debug|Any CPU
		{C0D0E0F0-12C0-4001-8001-000000000004}.Debug|x64.ActiveCfg = Debug|Any CPU
		{C0D0E0F0-12C0-4001-8001-000000000004}.Debug|x64.Build.0 = Debug|Any CPU
		{C0D0E0F0-12C0-4001-8001-000000000004}.Debug|x86.ActiveCfg = Debug|Any CPU
		{C0D0E0F0-12C0-4001-8001-000000000004}.Debug|x86.Build.0 = Debug|Any CPU
		{C0D0E0F0-12C0-4001-8001-000000000004}.Release|Any CPU.ActiveCfg = Release|Any CPU
		{C0D0E0F0-12C0-4001-8001-000000000004}.Release|Any CPU.Build.0 = Release|Any CPU
		{C0D0E0F0-12C0-4001-8001-000000000004}.Release|x64.ActiveCfg = Release|Any CPU
		{C0D0E0F0-12C0-4001-8001-000000000004}.Release|x64.Build.0 = Release|Any CPU
		{C0D0E0F0-12C0-4001-8001-000000000004}.Release|x86.ActiveCfg = Release|Any CPU
		{C0D0E0F0-12C0-4001-8001-000000000004}.Release|x86.Build.0 = Release|Any CPU
		{E0F0A0B0-12E0-4001-8001-000000000001}.Debug|Any CPU.ActiveCfg = Debug|Any CPU
		{E0F0A0B0-12E0-4001-8001-000000000001}.Debug|Any CPU.Build.0 = Debug|Any CPU
		{E0F0A0B0-12E0-4001-8001-000000000001}.Debug|x64.ActiveCfg = Debug|Any CPU
		{E0F0A0B0-12E0-4001-8001-000000000001}.Debug|x64.Build.0 = Debug|Any CPU
		{E0F0A0B0-12E0-4001-8001-000000000001}.Debug|x86.ActiveCfg = Debug|Any CPU
		{E0F0A0B0-12E0-4001-8001-000000000001}.Debug|x86.Build.0 = Debug|Any CPU
		{E0F0A0B0-12E0-4001-8001-000000000001}.Release|Any CPU.ActiveCfg = Release|Any CPU
		{E0F0A0B0-12E0-4001-8001-000000000001}.Release|Any CPU.Build.0 = Release|Any CPU
		{E0F0A0B0-12E0-4001-8001-000000000001}.Release|x64.ActiveCfg = Release|Any CPU
		{E0F0A0B0-12E0-4001-8001-000000000001}.Release|x64.Build.0 = Release|Any CPU
		{E0F0A0B0-12E0-4001-8001-000000000001}.Release|x86.ActiveCfg = Release|Any CPU
		{E0F0A0B0-12E0-4001-8001-000000000001}.Release|x86.Build.0 = Release|Any CPU
		{37AFE435-F77F-4189-964C-2E7DEF69D9A5}.Debug|Any CPU.ActiveCfg = Debug|Any CPU
		{37AFE435-F77F-4189-964C-2E7DEF69D9A5}.Debug|Any CPU.Build.0 = Debug|Any CPU
		{37AFE435-F77F-4189-964C-2E7DEF69D9A5}.Debug|x64.ActiveCfg = Debug|Any CPU
		{37AFE435-F77F-4189-964C-2E7DEF69D9A5}.Debug|x64.Build.0 = Debug|Any CPU
		{37AFE435-F77F-4189-964C-2E7DEF69D9A5}.Debug|x86.ActiveCfg = Debug|Any CPU
		{37AFE435-F77F-4189-964C-2E7DEF69D9A5}.Debug|x86.Build.0 = Debug|Any CPU
		{37AFE435-F77F-4189-964C-2E7DEF69D9A5}.Release|Any CPU.ActiveCfg = Release|Any CPU
		{37AFE435-F77F-4189-964C-2E7DEF69D9A5}.Release|Any CPU.Build.0 = Release|Any CPU
		{37AFE435-F77F-4189-964C-2E7DEF69D9A5}.Release|x64.ActiveCfg = Release|Any CPU
		{37AFE435-F77F-4189-964C-2E7DEF69D9A5}.Release|x64.Build.0 = Release|Any CPU
		{37AFE435-F77F-4189-964C-2E7DEF69D9A5}.Release|x86.ActiveCfg = Release|Any CPU
		{37AFE435-F77F-4189-964C-2E7DEF69D9A5}.Release|x86.Build.0 = Release|Any CPU
		{A6EFA0A3-3067-4DD1-8DE4-0A3B3C6A22FB}.Debug|Any CPU.ActiveCfg = Debug|Any CPU
		{A6EFA0A3-3067-4DD1-8DE4-0A3B3C6A22FB}.Debug|Any CPU.Build.0 = Debug|Any CPU
		{A6EFA0A3-3067-4DD1-8DE4-0A3B3C6A22FB}.Debug|x64.ActiveCfg = Debug|Any CPU
		{A6EFA0A3-3067-4DD1-8DE4-0A3B3C6A22FB}.Debug|x64.Build.0 = Debug|Any CPU
		{A6EFA0A3-3067-4DD1-8DE4-0A3B3C6A22FB}.Debug|x86.ActiveCfg = Debug|Any CPU
		{A6EFA0A3-3067-4DD1-8DE4-0A3B3C6A22FB}.Debug|x86.Build.0 = Debug|Any CPU
		{A6EFA0A3-3067-4DD1-8DE4-0A3B3C6A22FB}.Release|Any CPU.ActiveCfg = Release|Any CPU
		{A6EFA0A3-3067-4DD1-8DE4-0A3B3C6A22FB}.Release|Any CPU.Build.0 = Release|Any CPU
		{A6EFA0A3-3067-4DD1-8DE4-0A3B3C6A22FB}.Release|x64.ActiveCfg = Release|Any CPU
		{A6EFA0A3-3067-4DD1-8DE4-0A3B3C6A22FB}.Release|x64.Build.0 = Release|Any CPU
		{A6EFA0A3-3067-4DD1-8DE4-0A3B3C6A22FB}.Release|x86.ActiveCfg = Release|Any CPU
		{A6EFA0A3-3067-4DD1-8DE4-0A3B3C6A22FB}.Release|x86.Build.0 = Release|Any CPU
		{0EFF197F-5FA9-4CD2-BCEB-FE9A0F31A9BA}.Debug|Any CPU.ActiveCfg = Debug|Any CPU
		{0EFF197F-5FA9-4CD2-BCEB-FE9A0F31A9BA}.Debug|Any CPU.Build.0 = Debug|Any CPU
		{0EFF197F-5FA9-4CD2-BCEB-FE9A0F31A9BA}.Debug|x64.ActiveCfg = Debug|Any CPU
		{0EFF197F-5FA9-4CD2-BCEB-FE9A0F31A9BA}.Debug|x64.Build.0 = Debug|Any CPU
		{0EFF197F-5FA9-4CD2-BCEB-FE9A0F31A9BA}.Debug|x86.ActiveCfg = Debug|Any CPU
		{0EFF197F-5FA9-4CD2-BCEB-FE9A0F31A9BA}.Debug|x86.Build.0 = Debug|Any CPU
		{0EFF197F-5FA9-4CD2-BCEB-FE9A0F31A9BA}.Release|Any CPU.ActiveCfg = Release|Any CPU
		{0EFF197F-5FA9-4CD2-BCEB-FE9A0F31A9BA}.Release|Any CPU.Build.0 = Release|Any CPU
		{0EFF197F-5FA9-4CD2-BCEB-FE9A0F31A9BA}.Release|x64.ActiveCfg = Release|Any CPU
		{0EFF197F-5FA9-4CD2-BCEB-FE9A0F31A9BA}.Release|x64.Build.0 = Release|Any CPU
		{0EFF197F-5FA9-4CD2-BCEB-FE9A0F31A9BA}.Release|x86.ActiveCfg = Release|Any CPU
		{0EFF197F-5FA9-4CD2-BCEB-FE9A0F31A9BA}.Release|x86.Build.0 = Release|Any CPU
		{D0E0F0A0-12D0-4001-8001-000000000001}.Debug|Any CPU.ActiveCfg = Debug|Any CPU
		{D0E0F0A0-12D0-4001-8001-000000000001}.Debug|Any CPU.Build.0 = Debug|Any CPU
		{D0E0F0A0-12D0-4001-8001-000000000001}.Debug|x64.ActiveCfg = Debug|Any CPU
		{D0E0F0A0-12D0-4001-8001-000000000001}.Debug|x64.Build.0 = Debug|Any CPU
		{D0E0F0A0-12D0-4001-8001-000000000001}.Debug|x86.ActiveCfg = Debug|Any CPU
		{D0E0F0A0-12D0-4001-8001-000000000001}.Debug|x86.Build.0 = Debug|Any CPU
		{D0E0F0A0-12D0-4001-8001-000000000001}.Release|Any CPU.ActiveCfg = Release|Any CPU
		{D0E0F0A0-12D0-4001-8001-000000000001}.Release|Any CPU.Build.0 = Release|Any CPU
		{D0E0F0A0-12D0-4001-8001-000000000001}.Release|x64.ActiveCfg = Release|Any CPU
		{D0E0F0A0-12D0-4001-8001-000000000001}.Release|x64.Build.0 = Release|Any CPU
		{D0E0F0A0-12D0-4001-8001-000000000001}.Release|x86.ActiveCfg = Release|Any CPU
		{D0E0F0A0-12D0-4001-8001-000000000001}.Release|x86.Build.0 = Release|Any CPU
		{D0E0F0A0-12D0-4001-8001-000000000002}.Debug|Any CPU.ActiveCfg = Debug|Any CPU
		{D0E0F0A0-12D0-4001-8001-000000000002}.Debug|Any CPU.Build.0 = Debug|Any CPU
		{D0E0F0A0-12D0-4001-8001-000000000002}.Debug|x64.ActiveCfg = Debug|Any CPU
		{D0E0F0A0-12D0-4001-8001-000000000002}.Debug|x64.Build.0 = Debug|Any CPU
		{D0E0F0A0-12D0-4001-8001-000000000002}.Debug|x86.ActiveCfg = Debug|Any CPU
		{D0E0F0A0-12D0-4001-8001-000000000002}.Debug|x86.Build.0 = Debug|Any CPU
		{D0E0F0A0-12D0-4001-8001-000000000002}.Release|Any CPU.ActiveCfg = Release|Any CPU
		{D0E0F0A0-12D0-4001-8001-000000000002}.Release|Any CPU.Build.0 = Release|Any CPU
		{D0E0F0A0-12D0-4001-8001-000000000002}.Release|x64.ActiveCfg = Release|Any CPU
		{D0E0F0A0-12D0-4001-8001-000000000002}.Release|x64.Build.0 = Release|Any CPU
		{D0E0F0A0-12D0-4001-8001-000000000002}.Release|x86.ActiveCfg = Release|Any CPU
		{D0E0F0A0-12D0-4001-8001-000000000002}.Release|x86.Build.0 = Release|Any CPU
		{D0E0F0A0-12D0-4001-8001-000000000003}.Debug|Any CPU.ActiveCfg = Debug|Any CPU
		{D0E0F0A0-12D0-4001-8001-000000000003}.Debug|Any CPU.Build.0 = Debug|Any CPU
		{D0E0F0A0-12D0-4001-8001-000000000003}.Debug|x64.ActiveCfg = Debug|Any CPU
		{D0E0F0A0-12D0-4001-8001-000000000003}.Debug|x64.Build.0 = Debug|Any CPU
		{D0E0F0A0-12D0-4001-8001-000000000003}.Debug|x86.ActiveCfg = Debug|Any CPU
		{D0E0F0A0-12D0-4001-8001-000000000003}.Debug|x86.Build.0 = Debug|Any CPU
		{D0E0F0A0-12D0-4001-8001-000000000003}.Release|Any CPU.ActiveCfg = Release|Any CPU
		{D0E0F0A0-12D0-4001-8001-000000000003}.Release|Any CPU.Build.0 = Release|Any CPU
		{D0E0F0A0-12D0-4001-8001-000000000003}.Release|x64.ActiveCfg = Release|Any CPU
		{D0E0F0A0-12D0-4001-8001-000000000003}.Release|x64.Build.0 = Release|Any CPU
		{D0E0F0A0-12D0-4001-8001-000000000003}.Release|x86.ActiveCfg = Release|Any CPU
		{D0E0F0A0-12D0-4001-8001-000000000003}.Release|x86.Build.0 = Release|Any CPU
		{F0A0B0C0-12F0-4001-8001-000000000001}.Debug|Any CPU.ActiveCfg = Debug|Any CPU
		{F0A0B0C0-12F0-4001-8001-000000000001}.Debug|Any CPU.Build.0 = Debug|Any CPU
		{F0A0B0C0-12F0-4001-8001-000000000001}.Debug|x64.ActiveCfg = Debug|Any CPU
		{F0A0B0C0-12F0-4001-8001-000000000001}.Debug|x64.Build.0 = Debug|Any CPU
		{F0A0B0C0-12F0-4001-8001-000000000001}.Debug|x86.ActiveCfg = Debug|Any CPU
		{F0A0B0C0-12F0-4001-8001-000000000001}.Debug|x86.Build.0 = Debug|Any CPU
		{F0A0B0C0-12F0-4001-8001-000000000001}.Release|Any CPU.ActiveCfg = Release|Any CPU
		{F0A0B0C0-12F0-4001-8001-000000000001}.Release|Any CPU.Build.0 = Release|Any CPU
		{F0A0B0C0-12F0-4001-8001-000000000001}.Release|x64.ActiveCfg = Release|Any CPU
		{F0A0B0C0-12F0-4001-8001-000000000001}.Release|x64.Build.0 = Release|Any CPU
		{F0A0B0C0-12F0-4001-8001-000000000001}.Release|x86.ActiveCfg = Release|Any CPU
		{F0A0B0C0-12F0-4001-8001-000000000001}.Release|x86.Build.0 = Release|Any CPU
		{F0A0B0C0-12F0-4001-8001-000000000002}.Debug|Any CPU.ActiveCfg = Debug|Any CPU
		{F0A0B0C0-12F0-4001-8001-000000000002}.Debug|Any CPU.Build.0 = Debug|Any CPU
		{F0A0B0C0-12F0-4001-8001-000000000002}.Debug|x64.ActiveCfg = Debug|Any CPU
		{F0A0B0C0-12F0-4001-8001-000000000002}.Debug|x64.Build.0 = Debug|Any CPU
		{F0A0B0C0-12F0-4001-8001-000000000002}.Debug|x86.ActiveCfg = Debug|Any CPU
		{F0A0B0C0-12F0-4001-8001-000000000002}.Debug|x86.Build.0 = Debug|Any CPU
		{F0A0B0C0-12F0-4001-8001-000000000002}.Release|Any CPU.ActiveCfg = Release|Any CPU
		{F0A0B0C0-12F0-4001-8001-000000000002}.Release|Any CPU.Build.0 = Release|Any CPU
		{F0A0B0C0-12F0-4001-8001-000000000002}.Release|x64.ActiveCfg = Release|Any CPU
		{F0A0B0C0-12F0-4001-8001-000000000002}.Release|x64.Build.0 = Release|Any CPU
		{F0A0B0C0-12F0-4001-8001-000000000002}.Release|x86.ActiveCfg = Release|Any CPU
		{F0A0B0C0-12F0-4001-8001-000000000002}.Release|x86.Build.0 = Release|Any CPU
		{587CF59C-9D8B-421E-9B81-82ECEEA6770C}.Debug|Any CPU.ActiveCfg = Debug|Any CPU
		{587CF59C-9D8B-421E-9B81-82ECEEA6770C}.Debug|Any CPU.Build.0 = Debug|Any CPU
		{587CF59C-9D8B-421E-9B81-82ECEEA6770C}.Debug|x64.ActiveCfg = Debug|Any CPU
		{587CF59C-9D8B-421E-9B81-82ECEEA6770C}.Debug|x64.Build.0 = Debug|Any CPU
		{587CF59C-9D8B-421E-9B81-82ECEEA6770C}.Debug|x86.ActiveCfg = Debug|Any CPU
		{587CF59C-9D8B-421E-9B81-82ECEEA6770C}.Debug|x86.Build.0 = Debug|Any CPU
		{587CF59C-9D8B-421E-9B81-82ECEEA6770C}.Release|Any CPU.ActiveCfg = Release|Any CPU
		{587CF59C-9D8B-421E-9B81-82ECEEA6770C}.Release|Any CPU.Build.0 = Release|Any CPU
		{587CF59C-9D8B-421E-9B81-82ECEEA6770C}.Release|x64.ActiveCfg = Release|Any CPU
		{587CF59C-9D8B-421E-9B81-82ECEEA6770C}.Release|x64.Build.0 = Release|Any CPU
		{587CF59C-9D8B-421E-9B81-82ECEEA6770C}.Release|x86.ActiveCfg = Release|Any CPU
		{587CF59C-9D8B-421E-9B81-82ECEEA6770C}.Release|x86.Build.0 = Release|Any CPU
		{E1F2A3B0-12E1-4001-8001-000000000001}.Debug|Any CPU.ActiveCfg = Debug|Any CPU
		{E1F2A3B0-12E1-4001-8001-000000000001}.Debug|Any CPU.Build.0 = Debug|Any CPU
		{E1F2A3B0-12E1-4001-8001-000000000001}.Debug|x64.ActiveCfg = Debug|Any CPU
		{E1F2A3B0-12E1-4001-8001-000000000001}.Debug|x64.Build.0 = Debug|Any CPU
		{E1F2A3B0-12E1-4001-8001-000000000001}.Debug|x86.ActiveCfg = Debug|Any CPU
		{E1F2A3B0-12E1-4001-8001-000000000001}.Debug|x86.Build.0 = Debug|Any CPU
		{E1F2A3B0-12E1-4001-8001-000000000001}.Release|Any CPU.ActiveCfg = Release|Any CPU
		{E1F2A3B0-12E1-4001-8001-000000000001}.Release|Any CPU.Build.0 = Release|Any CPU
		{E1F2A3B0-12E1-4001-8001-000000000001}.Release|x64.ActiveCfg = Release|Any CPU
		{E1F2A3B0-12E1-4001-8001-000000000001}.Release|x64.Build.0 = Release|Any CPU
		{E1F2A3B0-12E1-4001-8001-000000000001}.Release|x86.ActiveCfg = Release|Any CPU
		{E1F2A3B0-12E1-4001-8001-000000000001}.Release|x86.Build.0 = Release|Any CPU
		{E1F2A3B0-12E1-4001-8001-000000000002}.Debug|Any CPU.ActiveCfg = Debug|Any CPU
		{E1F2A3B0-12E1-4001-8001-000000000002}.Debug|Any CPU.Build.0 = Debug|Any CPU
		{E1F2A3B0-12E1-4001-8001-000000000002}.Debug|x64.ActiveCfg = Debug|Any CPU
		{E1F2A3B0-12E1-4001-8001-000000000002}.Debug|x64.Build.0 = Debug|Any CPU
		{E1F2A3B0-12E1-4001-8001-000000000002}.Debug|x86.ActiveCfg = Debug|Any CPU
		{E1F2A3B0-12E1-4001-8001-000000000002}.Debug|x86.Build.0 = Debug|Any CPU
		{E1F2A3B0-12E1-4001-8001-000000000002}.Release|Any CPU.ActiveCfg = Release|Any CPU
		{E1F2A3B0-12E1-4001-8001-000000000002}.Release|Any CPU.Build.0 = Release|Any CPU
		{E1F2A3B0-12E1-4001-8001-000000000002}.Release|x64.ActiveCfg = Release|Any CPU
		{E1F2A3B0-12E1-4001-8001-000000000002}.Release|x64.Build.0 = Release|Any CPU
		{E1F2A3B0-12E1-4001-8001-000000000002}.Release|x86.ActiveCfg = Release|Any CPU
		{E1F2A3B0-12E1-4001-8001-000000000002}.Release|x86.Build.0 = Release|Any CPU
		{9D45E64C-FFE7-44A8-B900-08C6DA0EF04B}.Debug|Any CPU.ActiveCfg = Debug|Any CPU
		{9D45E64C-FFE7-44A8-B900-08C6DA0EF04B}.Debug|Any CPU.Build.0 = Debug|Any CPU
		{9D45E64C-FFE7-44A8-B900-08C6DA0EF04B}.Debug|x64.ActiveCfg = Debug|Any CPU
		{9D45E64C-FFE7-44A8-B900-08C6DA0EF04B}.Debug|x64.Build.0 = Debug|Any CPU
		{9D45E64C-FFE7-44A8-B900-08C6DA0EF04B}.Debug|x86.ActiveCfg = Debug|Any CPU
		{9D45E64C-FFE7-44A8-B900-08C6DA0EF04B}.Debug|x86.Build.0 = Debug|Any CPU
		{9D45E64C-FFE7-44A8-B900-08C6DA0EF04B}.Release|Any CPU.ActiveCfg = Release|Any CPU
		{9D45E64C-FFE7-44A8-B900-08C6DA0EF04B}.Release|Any CPU.Build.0 = Release|Any CPU
		{9D45E64C-FFE7-44A8-B900-08C6DA0EF04B}.Release|x64.ActiveCfg = Release|Any CPU
		{9D45E64C-FFE7-44A8-B900-08C6DA0EF04B}.Release|x64.Build.0 = Release|Any CPU
		{9D45E64C-FFE7-44A8-B900-08C6DA0EF04B}.Release|x86.ActiveCfg = Release|Any CPU
		{9D45E64C-FFE7-44A8-B900-08C6DA0EF04B}.Release|x86.Build.0 = Release|Any CPU
		{B3BA6BFE-8685-4FE9-A6A9-539C5BEED1FD}.Debug|Any CPU.ActiveCfg = Debug|Any CPU
		{B3BA6BFE-8685-4FE9-A6A9-539C5BEED1FD}.Debug|Any CPU.Build.0 = Debug|Any CPU
		{B3BA6BFE-8685-4FE9-A6A9-539C5BEED1FD}.Debug|x64.ActiveCfg = Debug|Any CPU
		{B3BA6BFE-8685-4FE9-A6A9-539C5BEED1FD}.Debug|x64.Build.0 = Debug|Any CPU
		{B3BA6BFE-8685-4FE9-A6A9-539C5BEED1FD}.Debug|x86.ActiveCfg = Debug|Any CPU
		{B3BA6BFE-8685-4FE9-A6A9-539C5BEED1FD}.Debug|x86.Build.0 = Debug|Any CPU
		{B3BA6BFE-8685-4FE9-A6A9-539C5BEED1FD}.Release|Any CPU.ActiveCfg = Release|Any CPU
		{B3BA6BFE-8685-4FE9-A6A9-539C5BEED1FD}.Release|Any CPU.Build.0 = Release|Any CPU
		{B3BA6BFE-8685-4FE9-A6A9-539C5BEED1FD}.Release|x64.ActiveCfg = Release|Any CPU
		{B3BA6BFE-8685-4FE9-A6A9-539C5BEED1FD}.Release|x64.Build.0 = Release|Any CPU
		{B3BA6BFE-8685-4FE9-A6A9-539C5BEED1FD}.Release|x86.ActiveCfg = Release|Any CPU
		{B3BA6BFE-8685-4FE9-A6A9-539C5BEED1FD}.Release|x86.Build.0 = Release|Any CPU
		{1D42ECCD-2669-4AA4-88F3-A491410DF40F}.Debug|Any CPU.ActiveCfg = Debug|Any CPU
		{1D42ECCD-2669-4AA4-88F3-A491410DF40F}.Debug|Any CPU.Build.0 = Debug|Any CPU
		{1D42ECCD-2669-4AA4-88F3-A491410DF40F}.Debug|x64.ActiveCfg = Debug|Any CPU
		{1D42ECCD-2669-4AA4-88F3-A491410DF40F}.Debug|x64.Build.0 = Debug|Any CPU
		{1D42ECCD-2669-4AA4-88F3-A491410DF40F}.Debug|x86.ActiveCfg = Debug|Any CPU
		{1D42ECCD-2669-4AA4-88F3-A491410DF40F}.Debug|x86.Build.0 = Debug|Any CPU
		{1D42ECCD-2669-4AA4-88F3-A491410DF40F}.Release|Any CPU.ActiveCfg = Release|Any CPU
		{1D42ECCD-2669-4AA4-88F3-A491410DF40F}.Release|Any CPU.Build.0 = Release|Any CPU
		{1D42ECCD-2669-4AA4-88F3-A491410DF40F}.Release|x64.ActiveCfg = Release|Any CPU
		{1D42ECCD-2669-4AA4-88F3-A491410DF40F}.Release|x64.Build.0 = Release|Any CPU
		{1D42ECCD-2669-4AA4-88F3-A491410DF40F}.Release|x86.ActiveCfg = Release|Any CPU
		{1D42ECCD-2669-4AA4-88F3-A491410DF40F}.Release|x86.Build.0 = Release|Any CPU
		{B0890FAC-01FA-4E72-9FA1-FE063D078F2F}.Debug|Any CPU.ActiveCfg = Debug|Any CPU
		{B0890FAC-01FA-4E72-9FA1-FE063D078F2F}.Debug|Any CPU.Build.0 = Debug|Any CPU
		{B0890FAC-01FA-4E72-9FA1-FE063D078F2F}.Debug|x64.ActiveCfg = Debug|Any CPU
		{B0890FAC-01FA-4E72-9FA1-FE063D078F2F}.Debug|x64.Build.0 = Debug|Any CPU
		{B0890FAC-01FA-4E72-9FA1-FE063D078F2F}.Debug|x86.ActiveCfg = Debug|Any CPU
		{B0890FAC-01FA-4E72-9FA1-FE063D078F2F}.Debug|x86.Build.0 = Debug|Any CPU
		{B0890FAC-01FA-4E72-9FA1-FE063D078F2F}.Release|Any CPU.ActiveCfg = Release|Any CPU
		{B0890FAC-01FA-4E72-9FA1-FE063D078F2F}.Release|Any CPU.Build.0 = Release|Any CPU
		{B0890FAC-01FA-4E72-9FA1-FE063D078F2F}.Release|x64.ActiveCfg = Release|Any CPU
		{B0890FAC-01FA-4E72-9FA1-FE063D078F2F}.Release|x64.Build.0 = Release|Any CPU
		{B0890FAC-01FA-4E72-9FA1-FE063D078F2F}.Release|x86.ActiveCfg = Release|Any CPU
		{B0890FAC-01FA-4E72-9FA1-FE063D078F2F}.Release|x86.Build.0 = Release|Any CPU
		{6E4E7FBD-A076-4996-8E9D-DBE03FA5BB88}.Debug|Any CPU.ActiveCfg = Debug|Any CPU
		{6E4E7FBD-A076-4996-8E9D-DBE03FA5BB88}.Debug|Any CPU.Build.0 = Debug|Any CPU
		{6E4E7FBD-A076-4996-8E9D-DBE03FA5BB88}.Debug|x64.ActiveCfg = Debug|Any CPU
		{6E4E7FBD-A076-4996-8E9D-DBE03FA5BB88}.Debug|x64.Build.0 = Debug|Any CPU
		{6E4E7FBD-A076-4996-8E9D-DBE03FA5BB88}.Debug|x86.ActiveCfg = Debug|Any CPU
		{6E4E7FBD-A076-4996-8E9D-DBE03FA5BB88}.Debug|x86.Build.0 = Debug|Any CPU
		{6E4E7FBD-A076-4996-8E9D-DBE03FA5BB88}.Release|Any CPU.ActiveCfg = Release|Any CPU
		{6E4E7FBD-A076-4996-8E9D-DBE03FA5BB88}.Release|Any CPU.Build.0 = Release|Any CPU
		{6E4E7FBD-A076-4996-8E9D-DBE03FA5BB88}.Release|x64.ActiveCfg = Release|Any CPU
		{6E4E7FBD-A076-4996-8E9D-DBE03FA5BB88}.Release|x64.Build.0 = Release|Any CPU
		{6E4E7FBD-A076-4996-8E9D-DBE03FA5BB88}.Release|x86.ActiveCfg = Release|Any CPU
		{6E4E7FBD-A076-4996-8E9D-DBE03FA5BB88}.Release|x86.Build.0 = Release|Any CPU
		{A51D3000-D74C-41BF-AA18-FBDCE0E5895E}.Debug|Any CPU.ActiveCfg = Debug|Any CPU
		{A51D3000-D74C-41BF-AA18-FBDCE0E5895E}.Debug|Any CPU.Build.0 = Debug|Any CPU
		{A51D3000-D74C-41BF-AA18-FBDCE0E5895E}.Debug|x64.ActiveCfg = Debug|Any CPU
		{A51D3000-D74C-41BF-AA18-FBDCE0E5895E}.Debug|x64.Build.0 = Debug|Any CPU
		{A51D3000-D74C-41BF-AA18-FBDCE0E5895E}.Debug|x86.ActiveCfg = Debug|Any CPU
		{A51D3000-D74C-41BF-AA18-FBDCE0E5895E}.Debug|x86.Build.0 = Debug|Any CPU
		{A51D3000-D74C-41BF-AA18-FBDCE0E5895E}.Release|Any CPU.ActiveCfg = Release|Any CPU
		{A51D3000-D74C-41BF-AA18-FBDCE0E5895E}.Release|Any CPU.Build.0 = Release|Any CPU
		{A51D3000-D74C-41BF-AA18-FBDCE0E5895E}.Release|x64.ActiveCfg = Release|Any CPU
		{A51D3000-D74C-41BF-AA18-FBDCE0E5895E}.Release|x64.Build.0 = Release|Any CPU
		{A51D3000-D74C-41BF-AA18-FBDCE0E5895E}.Release|x86.ActiveCfg = Release|Any CPU
		{A51D3000-D74C-41BF-AA18-FBDCE0E5895E}.Release|x86.Build.0 = Release|Any CPU
		{3A315809-87C9-4418-A5D7-22AAFFD84CB4}.Debug|Any CPU.ActiveCfg = Debug|Any CPU
		{3A315809-87C9-4418-A5D7-22AAFFD84CB4}.Debug|Any CPU.Build.0 = Debug|Any CPU
		{3A315809-87C9-4418-A5D7-22AAFFD84CB4}.Debug|x64.ActiveCfg = Debug|Any CPU
		{3A315809-87C9-4418-A5D7-22AAFFD84CB4}.Debug|x64.Build.0 = Debug|Any CPU
		{3A315809-87C9-4418-A5D7-22AAFFD84CB4}.Debug|x86.ActiveCfg = Debug|Any CPU
		{3A315809-87C9-4418-A5D7-22AAFFD84CB4}.Debug|x86.Build.0 = Debug|Any CPU
		{3A315809-87C9-4418-A5D7-22AAFFD84CB4}.Release|Any CPU.ActiveCfg = Release|Any CPU
		{3A315809-87C9-4418-A5D7-22AAFFD84CB4}.Release|Any CPU.Build.0 = Release|Any CPU
		{3A315809-87C9-4418-A5D7-22AAFFD84CB4}.Release|x64.ActiveCfg = Release|Any CPU
		{3A315809-87C9-4418-A5D7-22AAFFD84CB4}.Release|x64.Build.0 = Release|Any CPU
		{3A315809-87C9-4418-A5D7-22AAFFD84CB4}.Release|x86.ActiveCfg = Release|Any CPU
		{3A315809-87C9-4418-A5D7-22AAFFD84CB4}.Release|x86.Build.0 = Release|Any CPU
		{2FEE53CD-99FE-4C47-9D66-0146E8748CDF}.Debug|Any CPU.ActiveCfg = Debug|Any CPU
		{2FEE53CD-99FE-4C47-9D66-0146E8748CDF}.Debug|Any CPU.Build.0 = Debug|Any CPU
		{2FEE53CD-99FE-4C47-9D66-0146E8748CDF}.Debug|x64.ActiveCfg = Debug|Any CPU
		{2FEE53CD-99FE-4C47-9D66-0146E8748CDF}.Debug|x64.Build.0 = Debug|Any CPU
		{2FEE53CD-99FE-4C47-9D66-0146E8748CDF}.Debug|x86.ActiveCfg = Debug|Any CPU
		{2FEE53CD-99FE-4C47-9D66-0146E8748CDF}.Debug|x86.Build.0 = Debug|Any CPU
		{2FEE53CD-99FE-4C47-9D66-0146E8748CDF}.Release|Any CPU.ActiveCfg = Release|Any CPU
		{2FEE53CD-99FE-4C47-9D66-0146E8748CDF}.Release|Any CPU.Build.0 = Release|Any CPU
		{2FEE53CD-99FE-4C47-9D66-0146E8748CDF}.Release|x64.ActiveCfg = Release|Any CPU
		{2FEE53CD-99FE-4C47-9D66-0146E8748CDF}.Release|x64.Build.0 = Release|Any CPU
		{2FEE53CD-99FE-4C47-9D66-0146E8748CDF}.Release|x86.ActiveCfg = Release|Any CPU
		{2FEE53CD-99FE-4C47-9D66-0146E8748CDF}.Release|x86.Build.0 = Release|Any CPU
		{F0EDC631-35F2-46F1-98D5-7054C803A590}.Debug|Any CPU.ActiveCfg = Debug|Any CPU
		{F0EDC631-35F2-46F1-98D5-7054C803A590}.Debug|Any CPU.Build.0 = Debug|Any CPU
		{F0EDC631-35F2-46F1-98D5-7054C803A590}.Debug|x64.ActiveCfg = Debug|Any CPU
		{F0EDC631-35F2-46F1-98D5-7054C803A590}.Debug|x64.Build.0 = Debug|Any CPU
		{F0EDC631-35F2-46F1-98D5-7054C803A590}.Debug|x86.ActiveCfg = Debug|Any CPU
		{F0EDC631-35F2-46F1-98D5-7054C803A590}.Debug|x86.Build.0 = Debug|Any CPU
		{F0EDC631-35F2-46F1-98D5-7054C803A590}.Release|Any CPU.ActiveCfg = Release|Any CPU
		{F0EDC631-35F2-46F1-98D5-7054C803A590}.Release|Any CPU.Build.0 = Release|Any CPU
		{F0EDC631-35F2-46F1-98D5-7054C803A590}.Release|x64.ActiveCfg = Release|Any CPU
		{F0EDC631-35F2-46F1-98D5-7054C803A590}.Release|x64.Build.0 = Release|Any CPU
		{F0EDC631-35F2-46F1-98D5-7054C803A590}.Release|x86.ActiveCfg = Release|Any CPU
		{F0EDC631-35F2-46F1-98D5-7054C803A590}.Release|x86.Build.0 = Release|Any CPU
		{B6BC5210-1E27-4630-9F29-E19F4590424A}.Debug|Any CPU.ActiveCfg = Debug|Any CPU
		{B6BC5210-1E27-4630-9F29-E19F4590424A}.Debug|Any CPU.Build.0 = Debug|Any CPU
		{B6BC5210-1E27-4630-9F29-E19F4590424A}.Debug|x64.ActiveCfg = Debug|Any CPU
		{B6BC5210-1E27-4630-9F29-E19F4590424A}.Debug|x64.Build.0 = Debug|Any CPU
		{B6BC5210-1E27-4630-9F29-E19F4590424A}.Debug|x86.ActiveCfg = Debug|Any CPU
		{B6BC5210-1E27-4630-9F29-E19F4590424A}.Debug|x86.Build.0 = Debug|Any CPU
		{B6BC5210-1E27-4630-9F29-E19F4590424A}.Release|Any CPU.ActiveCfg = Release|Any CPU
		{B6BC5210-1E27-4630-9F29-E19F4590424A}.Release|Any CPU.Build.0 = Release|Any CPU
		{B6BC5210-1E27-4630-9F29-E19F4590424A}.Release|x64.ActiveCfg = Release|Any CPU
		{B6BC5210-1E27-4630-9F29-E19F4590424A}.Release|x64.Build.0 = Release|Any CPU
		{B6BC5210-1E27-4630-9F29-E19F4590424A}.Release|x86.ActiveCfg = Release|Any CPU
		{B6BC5210-1E27-4630-9F29-E19F4590424A}.Release|x86.Build.0 = Release|Any CPU
		{0299F005-6621-495B-BE41-FA6226484C13}.Debug|Any CPU.ActiveCfg = Debug|Any CPU
		{0299F005-6621-495B-BE41-FA6226484C13}.Debug|Any CPU.Build.0 = Debug|Any CPU
		{0299F005-6621-495B-BE41-FA6226484C13}.Debug|x64.ActiveCfg = Debug|Any CPU
		{0299F005-6621-495B-BE41-FA6226484C13}.Debug|x64.Build.0 = Debug|Any CPU
		{0299F005-6621-495B-BE41-FA6226484C13}.Debug|x86.ActiveCfg = Debug|Any CPU
		{0299F005-6621-495B-BE41-FA6226484C13}.Debug|x86.Build.0 = Debug|Any CPU
		{0299F005-6621-495B-BE41-FA6226484C13}.Release|Any CPU.ActiveCfg = Release|Any CPU
		{0299F005-6621-495B-BE41-FA6226484C13}.Release|Any CPU.Build.0 = Release|Any CPU
		{0299F005-6621-495B-BE41-FA6226484C13}.Release|x64.ActiveCfg = Release|Any CPU
		{0299F005-6621-495B-BE41-FA6226484C13}.Release|x64.Build.0 = Release|Any CPU
		{0299F005-6621-495B-BE41-FA6226484C13}.Release|x86.ActiveCfg = Release|Any CPU
		{0299F005-6621-495B-BE41-FA6226484C13}.Release|x86.Build.0 = Release|Any CPU
		{33EE7BFC-FA8F-4AE0-B181-14E4A48DD7F4}.Debug|Any CPU.ActiveCfg = Debug|Any CPU
		{33EE7BFC-FA8F-4AE0-B181-14E4A48DD7F4}.Debug|Any CPU.Build.0 = Debug|Any CPU
		{33EE7BFC-FA8F-4AE0-B181-14E4A48DD7F4}.Debug|x64.ActiveCfg = Debug|Any CPU
		{33EE7BFC-FA8F-4AE0-B181-14E4A48DD7F4}.Debug|x64.Build.0 = Debug|Any CPU
		{33EE7BFC-FA8F-4AE0-B181-14E4A48DD7F4}.Debug|x86.ActiveCfg = Debug|Any CPU
		{33EE7BFC-FA8F-4AE0-B181-14E4A48DD7F4}.Debug|x86.Build.0 = Debug|Any CPU
		{33EE7BFC-FA8F-4AE0-B181-14E4A48DD7F4}.Release|Any CPU.ActiveCfg = Release|Any CPU
		{33EE7BFC-FA8F-4AE0-B181-14E4A48DD7F4}.Release|Any CPU.Build.0 = Release|Any CPU
		{33EE7BFC-FA8F-4AE0-B181-14E4A48DD7F4}.Release|x64.ActiveCfg = Release|Any CPU
		{33EE7BFC-FA8F-4AE0-B181-14E4A48DD7F4}.Release|x64.Build.0 = Release|Any CPU
		{33EE7BFC-FA8F-4AE0-B181-14E4A48DD7F4}.Release|x86.ActiveCfg = Release|Any CPU
		{33EE7BFC-FA8F-4AE0-B181-14E4A48DD7F4}.Release|x86.Build.0 = Release|Any CPU
		{25E0C8D2-9AE9-465E-B243-217B3CC681E0}.Debug|Any CPU.ActiveCfg = Debug|Any CPU
		{25E0C8D2-9AE9-465E-B243-217B3CC681E0}.Debug|Any CPU.Build.0 = Debug|Any CPU
		{25E0C8D2-9AE9-465E-B243-217B3CC681E0}.Debug|x64.ActiveCfg = Debug|Any CPU
		{25E0C8D2-9AE9-465E-B243-217B3CC681E0}.Debug|x64.Build.0 = Debug|Any CPU
		{25E0C8D2-9AE9-465E-B243-217B3CC681E0}.Debug|x86.ActiveCfg = Debug|Any CPU
		{25E0C8D2-9AE9-465E-B243-217B3CC681E0}.Debug|x86.Build.0 = Debug|Any CPU
		{25E0C8D2-9AE9-465E-B243-217B3CC681E0}.Release|Any CPU.ActiveCfg = Release|Any CPU
		{25E0C8D2-9AE9-465E-B243-217B3CC681E0}.Release|Any CPU.Build.0 = Release|Any CPU
		{25E0C8D2-9AE9-465E-B243-217B3CC681E0}.Release|x64.ActiveCfg = Release|Any CPU
		{25E0C8D2-9AE9-465E-B243-217B3CC681E0}.Release|x64.Build.0 = Release|Any CPU
		{25E0C8D2-9AE9-465E-B243-217B3CC681E0}.Release|x86.ActiveCfg = Release|Any CPU
		{25E0C8D2-9AE9-465E-B243-217B3CC681E0}.Release|x86.Build.0 = Release|Any CPU
		{B8D76B89-8273-4166-994C-35D81D8C2C4D}.Debug|Any CPU.ActiveCfg = Debug|Any CPU
		{B8D76B89-8273-4166-994C-35D81D8C2C4D}.Debug|Any CPU.Build.0 = Debug|Any CPU
		{B8D76B89-8273-4166-994C-35D81D8C2C4D}.Debug|x64.ActiveCfg = Debug|Any CPU
		{B8D76B89-8273-4166-994C-35D81D8C2C4D}.Debug|x64.Build.0 = Debug|Any CPU
		{B8D76B89-8273-4166-994C-35D81D8C2C4D}.Debug|x86.ActiveCfg = Debug|Any CPU
		{B8D76B89-8273-4166-994C-35D81D8C2C4D}.Debug|x86.Build.0 = Debug|Any CPU
		{B8D76B89-8273-4166-994C-35D81D8C2C4D}.Release|Any CPU.ActiveCfg = Release|Any CPU
		{B8D76B89-8273-4166-994C-35D81D8C2C4D}.Release|Any CPU.Build.0 = Release|Any CPU
		{B8D76B89-8273-4166-994C-35D81D8C2C4D}.Release|x64.ActiveCfg = Release|Any CPU
		{B8D76B89-8273-4166-994C-35D81D8C2C4D}.Release|x64.Build.0 = Release|Any CPU
		{B8D76B89-8273-4166-994C-35D81D8C2C4D}.Release|x86.ActiveCfg = Release|Any CPU
		{B8D76B89-8273-4166-994C-35D81D8C2C4D}.Release|x86.Build.0 = Release|Any CPU
		{8E5056AE-364E-490A-8494-41D942FF14D0}.Debug|Any CPU.ActiveCfg = Debug|Any CPU
		{8E5056AE-364E-490A-8494-41D942FF14D0}.Debug|Any CPU.Build.0 = Debug|Any CPU
		{8E5056AE-364E-490A-8494-41D942FF14D0}.Debug|x64.ActiveCfg = Debug|Any CPU
		{8E5056AE-364E-490A-8494-41D942FF14D0}.Debug|x64.Build.0 = Debug|Any CPU
		{8E5056AE-364E-490A-8494-41D942FF14D0}.Debug|x86.ActiveCfg = Debug|Any CPU
		{8E5056AE-364E-490A-8494-41D942FF14D0}.Debug|x86.Build.0 = Debug|Any CPU
		{8E5056AE-364E-490A-8494-41D942FF14D0}.Release|Any CPU.ActiveCfg = Release|Any CPU
		{8E5056AE-364E-490A-8494-41D942FF14D0}.Release|Any CPU.Build.0 = Release|Any CPU
		{8E5056AE-364E-490A-8494-41D942FF14D0}.Release|x64.ActiveCfg = Release|Any CPU
		{8E5056AE-364E-490A-8494-41D942FF14D0}.Release|x64.Build.0 = Release|Any CPU
		{8E5056AE-364E-490A-8494-41D942FF14D0}.Release|x86.ActiveCfg = Release|Any CPU
		{8E5056AE-364E-490A-8494-41D942FF14D0}.Release|x86.Build.0 = Release|Any CPU
		{3C55F418-BB43-40DE-AFE2-2AE3EB76DF43}.Debug|Any CPU.ActiveCfg = Debug|Any CPU
		{3C55F418-BB43-40DE-AFE2-2AE3EB76DF43}.Debug|Any CPU.Build.0 = Debug|Any CPU
		{3C55F418-BB43-40DE-AFE2-2AE3EB76DF43}.Debug|x64.ActiveCfg = Debug|Any CPU
		{3C55F418-BB43-40DE-AFE2-2AE3EB76DF43}.Debug|x64.Build.0 = Debug|Any CPU
		{3C55F418-BB43-40DE-AFE2-2AE3EB76DF43}.Debug|x86.ActiveCfg = Debug|Any CPU
		{3C55F418-BB43-40DE-AFE2-2AE3EB76DF43}.Debug|x86.Build.0 = Debug|Any CPU
		{3C55F418-BB43-40DE-AFE2-2AE3EB76DF43}.Release|Any CPU.ActiveCfg = Release|Any CPU
		{3C55F418-BB43-40DE-AFE2-2AE3EB76DF43}.Release|Any CPU.Build.0 = Release|Any CPU
		{3C55F418-BB43-40DE-AFE2-2AE3EB76DF43}.Release|x64.ActiveCfg = Release|Any CPU
		{3C55F418-BB43-40DE-AFE2-2AE3EB76DF43}.Release|x64.Build.0 = Release|Any CPU
		{3C55F418-BB43-40DE-AFE2-2AE3EB76DF43}.Release|x86.ActiveCfg = Release|Any CPU
		{3C55F418-BB43-40DE-AFE2-2AE3EB76DF43}.Release|x86.Build.0 = Release|Any CPU
		{EA89A905-AC84-4155-B477-9E99D8097E3F}.Debug|Any CPU.ActiveCfg = Debug|Any CPU
		{EA89A905-AC84-4155-B477-9E99D8097E3F}.Debug|Any CPU.Build.0 = Debug|Any CPU
		{EA89A905-AC84-4155-B477-9E99D8097E3F}.Debug|x64.ActiveCfg = Debug|Any CPU
		{EA89A905-AC84-4155-B477-9E99D8097E3F}.Debug|x64.Build.0 = Debug|Any CPU
		{EA89A905-AC84-4155-B477-9E99D8097E3F}.Debug|x86.ActiveCfg = Debug|Any CPU
		{EA89A905-AC84-4155-B477-9E99D8097E3F}.Debug|x86.Build.0 = Debug|Any CPU
		{EA89A905-AC84-4155-B477-9E99D8097E3F}.Release|Any CPU.ActiveCfg = Release|Any CPU
		{EA89A905-AC84-4155-B477-9E99D8097E3F}.Release|Any CPU.Build.0 = Release|Any CPU
		{EA89A905-AC84-4155-B477-9E99D8097E3F}.Release|x64.ActiveCfg = Release|Any CPU
		{EA89A905-AC84-4155-B477-9E99D8097E3F}.Release|x64.Build.0 = Release|Any CPU
		{EA89A905-AC84-4155-B477-9E99D8097E3F}.Release|x86.ActiveCfg = Release|Any CPU
		{EA89A905-AC84-4155-B477-9E99D8097E3F}.Release|x86.Build.0 = Release|Any CPU
		{F36F3B55-923B-4027-BAED-167E2A98F7BD}.Debug|Any CPU.ActiveCfg = Debug|Any CPU
		{F36F3B55-923B-4027-BAED-167E2A98F7BD}.Debug|Any CPU.Build.0 = Debug|Any CPU
		{F36F3B55-923B-4027-BAED-167E2A98F7BD}.Debug|x64.ActiveCfg = Debug|Any CPU
		{F36F3B55-923B-4027-BAED-167E2A98F7BD}.Debug|x64.Build.0 = Debug|Any CPU
		{F36F3B55-923B-4027-BAED-167E2A98F7BD}.Debug|x86.ActiveCfg = Debug|Any CPU
		{F36F3B55-923B-4027-BAED-167E2A98F7BD}.Debug|x86.Build.0 = Debug|Any CPU
		{F36F3B55-923B-4027-BAED-167E2A98F7BD}.Release|Any CPU.ActiveCfg = Release|Any CPU
		{F36F3B55-923B-4027-BAED-167E2A98F7BD}.Release|Any CPU.Build.0 = Release|Any CPU
		{F36F3B55-923B-4027-BAED-167E2A98F7BD}.Release|x64.ActiveCfg = Release|Any CPU
		{F36F3B55-923B-4027-BAED-167E2A98F7BD}.Release|x64.Build.0 = Release|Any CPU
		{F36F3B55-923B-4027-BAED-167E2A98F7BD}.Release|x86.ActiveCfg = Release|Any CPU
		{F36F3B55-923B-4027-BAED-167E2A98F7BD}.Release|x86.Build.0 = Release|Any CPU
		{97A2973E-135B-4D6C-8576-51A1F1403754}.Debug|Any CPU.ActiveCfg = Debug|Any CPU
		{97A2973E-135B-4D6C-8576-51A1F1403754}.Debug|Any CPU.Build.0 = Debug|Any CPU
		{97A2973E-135B-4D6C-8576-51A1F1403754}.Debug|x64.ActiveCfg = Debug|Any CPU
		{97A2973E-135B-4D6C-8576-51A1F1403754}.Debug|x64.Build.0 = Debug|Any CPU
		{97A2973E-135B-4D6C-8576-51A1F1403754}.Debug|x86.ActiveCfg = Debug|Any CPU
		{97A2973E-135B-4D6C-8576-51A1F1403754}.Debug|x86.Build.0 = Debug|Any CPU
		{97A2973E-135B-4D6C-8576-51A1F1403754}.Release|Any CPU.ActiveCfg = Release|Any CPU
		{97A2973E-135B-4D6C-8576-51A1F1403754}.Release|Any CPU.Build.0 = Release|Any CPU
		{97A2973E-135B-4D6C-8576-51A1F1403754}.Release|x64.ActiveCfg = Release|Any CPU
		{97A2973E-135B-4D6C-8576-51A1F1403754}.Release|x64.Build.0 = Release|Any CPU
		{97A2973E-135B-4D6C-8576-51A1F1403754}.Release|x86.ActiveCfg = Release|Any CPU
		{97A2973E-135B-4D6C-8576-51A1F1403754}.Release|x86.Build.0 = Release|Any CPU
		{C6F0E1E2-4BD3-4337-9C4A-2AA62C29A0E5}.Debug|Any CPU.ActiveCfg = Debug|Any CPU
		{C6F0E1E2-4BD3-4337-9C4A-2AA62C29A0E5}.Debug|Any CPU.Build.0 = Debug|Any CPU
		{C6F0E1E2-4BD3-4337-9C4A-2AA62C29A0E5}.Debug|x64.ActiveCfg = Debug|Any CPU
		{C6F0E1E2-4BD3-4337-9C4A-2AA62C29A0E5}.Debug|x64.Build.0 = Debug|Any CPU
		{C6F0E1E2-4BD3-4337-9C4A-2AA62C29A0E5}.Debug|x86.ActiveCfg = Debug|Any CPU
		{C6F0E1E2-4BD3-4337-9C4A-2AA62C29A0E5}.Debug|x86.Build.0 = Debug|Any CPU
		{C6F0E1E2-4BD3-4337-9C4A-2AA62C29A0E5}.Release|Any CPU.ActiveCfg = Release|Any CPU
		{C6F0E1E2-4BD3-4337-9C4A-2AA62C29A0E5}.Release|Any CPU.Build.0 = Release|Any CPU
		{C6F0E1E2-4BD3-4337-9C4A-2AA62C29A0E5}.Release|x64.ActiveCfg = Release|Any CPU
		{C6F0E1E2-4BD3-4337-9C4A-2AA62C29A0E5}.Release|x64.Build.0 = Release|Any CPU
		{C6F0E1E2-4BD3-4337-9C4A-2AA62C29A0E5}.Release|x86.ActiveCfg = Release|Any CPU
		{C6F0E1E2-4BD3-4337-9C4A-2AA62C29A0E5}.Release|x86.Build.0 = Release|Any CPU
		{6E364BDA-43BB-4F52-BA79-683D84640684}.Debug|Any CPU.ActiveCfg = Debug|Any CPU
		{6E364BDA-43BB-4F52-BA79-683D84640684}.Debug|Any CPU.Build.0 = Debug|Any CPU
		{6E364BDA-43BB-4F52-BA79-683D84640684}.Debug|x64.ActiveCfg = Debug|Any CPU
		{6E364BDA-43BB-4F52-BA79-683D84640684}.Debug|x64.Build.0 = Debug|Any CPU
		{6E364BDA-43BB-4F52-BA79-683D84640684}.Debug|x86.ActiveCfg = Debug|Any CPU
		{6E364BDA-43BB-4F52-BA79-683D84640684}.Debug|x86.Build.0 = Debug|Any CPU
		{6E364BDA-43BB-4F52-BA79-683D84640684}.Release|Any CPU.ActiveCfg = Release|Any CPU
		{6E364BDA-43BB-4F52-BA79-683D84640684}.Release|Any CPU.Build.0 = Release|Any CPU
		{6E364BDA-43BB-4F52-BA79-683D84640684}.Release|x64.ActiveCfg = Release|Any CPU
		{6E364BDA-43BB-4F52-BA79-683D84640684}.Release|x64.Build.0 = Release|Any CPU
		{6E364BDA-43BB-4F52-BA79-683D84640684}.Release|x86.ActiveCfg = Release|Any CPU
		{6E364BDA-43BB-4F52-BA79-683D84640684}.Release|x86.Build.0 = Release|Any CPU
		{CE064C49-24AB-4C36-A898-F51B716AE415}.Debug|Any CPU.ActiveCfg = Debug|Any CPU
		{CE064C49-24AB-4C36-A898-F51B716AE415}.Debug|Any CPU.Build.0 = Debug|Any CPU
		{CE064C49-24AB-4C36-A898-F51B716AE415}.Debug|x64.ActiveCfg = Debug|Any CPU
		{CE064C49-24AB-4C36-A898-F51B716AE415}.Debug|x64.Build.0 = Debug|Any CPU
		{CE064C49-24AB-4C36-A898-F51B716AE415}.Debug|x86.ActiveCfg = Debug|Any CPU
		{CE064C49-24AB-4C36-A898-F51B716AE415}.Debug|x86.Build.0 = Debug|Any CPU
		{CE064C49-24AB-4C36-A898-F51B716AE415}.Release|Any CPU.ActiveCfg = Release|Any CPU
		{CE064C49-24AB-4C36-A898-F51B716AE415}.Release|Any CPU.Build.0 = Release|Any CPU
		{CE064C49-24AB-4C36-A898-F51B716AE415}.Release|x64.ActiveCfg = Release|Any CPU
		{CE064C49-24AB-4C36-A898-F51B716AE415}.Release|x64.Build.0 = Release|Any CPU
		{CE064C49-24AB-4C36-A898-F51B716AE415}.Release|x86.ActiveCfg = Release|Any CPU
		{CE064C49-24AB-4C36-A898-F51B716AE415}.Release|x86.Build.0 = Release|Any CPU
		{8C37F60C-0B80-4D04-959C-B4DBBB9689E1}.Debug|Any CPU.ActiveCfg = Debug|Any CPU
		{8C37F60C-0B80-4D04-959C-B4DBBB9689E1}.Debug|Any CPU.Build.0 = Debug|Any CPU
		{8C37F60C-0B80-4D04-959C-B4DBBB9689E1}.Debug|x64.ActiveCfg = Debug|Any CPU
		{8C37F60C-0B80-4D04-959C-B4DBBB9689E1}.Debug|x64.Build.0 = Debug|Any CPU
		{8C37F60C-0B80-4D04-959C-B4DBBB9689E1}.Debug|x86.ActiveCfg = Debug|Any CPU
		{8C37F60C-0B80-4D04-959C-B4DBBB9689E1}.Debug|x86.Build.0 = Debug|Any CPU
		{8C37F60C-0B80-4D04-959C-B4DBBB9689E1}.Release|Any CPU.ActiveCfg = Release|Any CPU
		{8C37F60C-0B80-4D04-959C-B4DBBB9689E1}.Release|Any CPU.Build.0 = Release|Any CPU
		{8C37F60C-0B80-4D04-959C-B4DBBB9689E1}.Release|x64.ActiveCfg = Release|Any CPU
		{8C37F60C-0B80-4D04-959C-B4DBBB9689E1}.Release|x64.Build.0 = Release|Any CPU
		{8C37F60C-0B80-4D04-959C-B4DBBB9689E1}.Release|x86.ActiveCfg = Release|Any CPU
		{8C37F60C-0B80-4D04-959C-B4DBBB9689E1}.Release|x86.Build.0 = Release|Any CPU
		{5F341314-AD3A-4B2C-9A57-4EA8D624F8AC}.Debug|Any CPU.ActiveCfg = Debug|Any CPU
		{5F341314-AD3A-4B2C-9A57-4EA8D624F8AC}.Debug|Any CPU.Build.0 = Debug|Any CPU
		{5F341314-AD3A-4B2C-9A57-4EA8D624F8AC}.Debug|x64.ActiveCfg = Debug|Any CPU
		{5F341314-AD3A-4B2C-9A57-4EA8D624F8AC}.Debug|x64.Build.0 = Debug|Any CPU
		{5F341314-AD3A-4B2C-9A57-4EA8D624F8AC}.Debug|x86.ActiveCfg = Debug|Any CPU
		{5F341314-AD3A-4B2C-9A57-4EA8D624F8AC}.Debug|x86.Build.0 = Debug|Any CPU
		{5F341314-AD3A-4B2C-9A57-4EA8D624F8AC}.Release|Any CPU.ActiveCfg = Release|Any CPU
		{5F341314-AD3A-4B2C-9A57-4EA8D624F8AC}.Release|Any CPU.Build.0 = Release|Any CPU
		{5F341314-AD3A-4B2C-9A57-4EA8D624F8AC}.Release|x64.ActiveCfg = Release|Any CPU
		{5F341314-AD3A-4B2C-9A57-4EA8D624F8AC}.Release|x64.Build.0 = Release|Any CPU
		{5F341314-AD3A-4B2C-9A57-4EA8D624F8AC}.Release|x86.ActiveCfg = Release|Any CPU
		{5F341314-AD3A-4B2C-9A57-4EA8D624F8AC}.Release|x86.Build.0 = Release|Any CPU
		{8F4CA039-F4D1-495C-B39F-5508058D11B0}.Debug|Any CPU.ActiveCfg = Debug|Any CPU
		{8F4CA039-F4D1-495C-B39F-5508058D11B0}.Debug|Any CPU.Build.0 = Debug|Any CPU
		{8F4CA039-F4D1-495C-B39F-5508058D11B0}.Debug|x64.ActiveCfg = Debug|Any CPU
		{8F4CA039-F4D1-495C-B39F-5508058D11B0}.Debug|x64.Build.0 = Debug|Any CPU
		{8F4CA039-F4D1-495C-B39F-5508058D11B0}.Debug|x86.ActiveCfg = Debug|Any CPU
		{8F4CA039-F4D1-495C-B39F-5508058D11B0}.Debug|x86.Build.0 = Debug|Any CPU
		{8F4CA039-F4D1-495C-B39F-5508058D11B0}.Release|Any CPU.ActiveCfg = Release|Any CPU
		{8F4CA039-F4D1-495C-B39F-5508058D11B0}.Release|Any CPU.Build.0 = Release|Any CPU
		{8F4CA039-F4D1-495C-B39F-5508058D11B0}.Release|x64.ActiveCfg = Release|Any CPU
		{8F4CA039-F4D1-495C-B39F-5508058D11B0}.Release|x64.Build.0 = Release|Any CPU
		{8F4CA039-F4D1-495C-B39F-5508058D11B0}.Release|x86.ActiveCfg = Release|Any CPU
		{8F4CA039-F4D1-495C-B39F-5508058D11B0}.Release|x86.Build.0 = Release|Any CPU
		{B08D0287-CBBE-4386-B682-651624619186}.Debug|Any CPU.ActiveCfg = Debug|Any CPU
		{B08D0287-CBBE-4386-B682-651624619186}.Debug|Any CPU.Build.0 = Debug|Any CPU
		{B08D0287-CBBE-4386-B682-651624619186}.Debug|x64.ActiveCfg = Debug|Any CPU
		{B08D0287-CBBE-4386-B682-651624619186}.Debug|x64.Build.0 = Debug|Any CPU
		{B08D0287-CBBE-4386-B682-651624619186}.Debug|x86.ActiveCfg = Debug|Any CPU
		{B08D0287-CBBE-4386-B682-651624619186}.Debug|x86.Build.0 = Debug|Any CPU
		{B08D0287-CBBE-4386-B682-651624619186}.Release|Any CPU.ActiveCfg = Release|Any CPU
		{B08D0287-CBBE-4386-B682-651624619186}.Release|Any CPU.Build.0 = Release|Any CPU
		{B08D0287-CBBE-4386-B682-651624619186}.Release|x64.ActiveCfg = Release|Any CPU
		{B08D0287-CBBE-4386-B682-651624619186}.Release|x64.Build.0 = Release|Any CPU
		{B08D0287-CBBE-4386-B682-651624619186}.Release|x86.ActiveCfg = Release|Any CPU
		{B08D0287-CBBE-4386-B682-651624619186}.Release|x86.Build.0 = Release|Any CPU
		{3ACC100A-DEEE-4B11-A992-3CF1A17DE676}.Debug|Any CPU.ActiveCfg = Debug|Any CPU
		{3ACC100A-DEEE-4B11-A992-3CF1A17DE676}.Debug|Any CPU.Build.0 = Debug|Any CPU
		{3ACC100A-DEEE-4B11-A992-3CF1A17DE676}.Debug|x64.ActiveCfg = Debug|Any CPU
		{3ACC100A-DEEE-4B11-A992-3CF1A17DE676}.Debug|x64.Build.0 = Debug|Any CPU
		{3ACC100A-DEEE-4B11-A992-3CF1A17DE676}.Debug|x86.ActiveCfg = Debug|Any CPU
		{3ACC100A-DEEE-4B11-A992-3CF1A17DE676}.Debug|x86.Build.0 = Debug|Any CPU
		{3ACC100A-DEEE-4B11-A992-3CF1A17DE676}.Release|Any CPU.ActiveCfg = Release|Any CPU
		{3ACC100A-DEEE-4B11-A992-3CF1A17DE676}.Release|Any CPU.Build.0 = Release|Any CPU
		{3ACC100A-DEEE-4B11-A992-3CF1A17DE676}.Release|x64.ActiveCfg = Release|Any CPU
		{3ACC100A-DEEE-4B11-A992-3CF1A17DE676}.Release|x64.Build.0 = Release|Any CPU
		{3ACC100A-DEEE-4B11-A992-3CF1A17DE676}.Release|x86.ActiveCfg = Release|Any CPU
		{3ACC100A-DEEE-4B11-A992-3CF1A17DE676}.Release|x86.Build.0 = Release|Any CPU
		{3682808B-36D5-4E74-8F4A-20B27C758EFE}.Debug|Any CPU.ActiveCfg = Debug|Any CPU
		{3682808B-36D5-4E74-8F4A-20B27C758EFE}.Debug|Any CPU.Build.0 = Debug|Any CPU
		{3682808B-36D5-4E74-8F4A-20B27C758EFE}.Debug|x64.ActiveCfg = Debug|Any CPU
		{3682808B-36D5-4E74-8F4A-20B27C758EFE}.Debug|x64.Build.0 = Debug|Any CPU
		{3682808B-36D5-4E74-8F4A-20B27C758EFE}.Debug|x86.ActiveCfg = Debug|Any CPU
		{3682808B-36D5-4E74-8F4A-20B27C758EFE}.Debug|x86.Build.0 = Debug|Any CPU
		{3682808B-36D5-4E74-8F4A-20B27C758EFE}.Release|Any CPU.ActiveCfg = Release|Any CPU
		{3682808B-36D5-4E74-8F4A-20B27C758EFE}.Release|Any CPU.Build.0 = Release|Any CPU
		{3682808B-36D5-4E74-8F4A-20B27C758EFE}.Release|x64.ActiveCfg = Release|Any CPU
		{3682808B-36D5-4E74-8F4A-20B27C758EFE}.Release|x64.Build.0 = Release|Any CPU
		{3682808B-36D5-4E74-8F4A-20B27C758EFE}.Release|x86.ActiveCfg = Release|Any CPU
		{3682808B-36D5-4E74-8F4A-20B27C758EFE}.Release|x86.Build.0 = Release|Any CPU
		{6C3CBAB8-1AEF-4A61-8EF9-1C123FAC9FDC}.Debug|Any CPU.ActiveCfg = Debug|Any CPU
		{6C3CBAB8-1AEF-4A61-8EF9-1C123FAC9FDC}.Debug|Any CPU.Build.0 = Debug|Any CPU
		{6C3CBAB8-1AEF-4A61-8EF9-1C123FAC9FDC}.Debug|x64.ActiveCfg = Debug|Any CPU
		{6C3CBAB8-1AEF-4A61-8EF9-1C123FAC9FDC}.Debug|x64.Build.0 = Debug|Any CPU
		{6C3CBAB8-1AEF-4A61-8EF9-1C123FAC9FDC}.Debug|x86.ActiveCfg = Debug|Any CPU
		{6C3CBAB8-1AEF-4A61-8EF9-1C123FAC9FDC}.Debug|x86.Build.0 = Debug|Any CPU
		{6C3CBAB8-1AEF-4A61-8EF9-1C123FAC9FDC}.Release|Any CPU.ActiveCfg = Release|Any CPU
		{6C3CBAB8-1AEF-4A61-8EF9-1C123FAC9FDC}.Release|Any CPU.Build.0 = Release|Any CPU
		{6C3CBAB8-1AEF-4A61-8EF9-1C123FAC9FDC}.Release|x64.ActiveCfg = Release|Any CPU
		{6C3CBAB8-1AEF-4A61-8EF9-1C123FAC9FDC}.Release|x64.Build.0 = Release|Any CPU
		{6C3CBAB8-1AEF-4A61-8EF9-1C123FAC9FDC}.Release|x86.ActiveCfg = Release|Any CPU
		{6C3CBAB8-1AEF-4A61-8EF9-1C123FAC9FDC}.Release|x86.Build.0 = Release|Any CPU
		{C28C5B1E-D485-4085-96C6-E78BF5D312B2}.Debug|Any CPU.ActiveCfg = Debug|Any CPU
		{C28C5B1E-D485-4085-96C6-E78BF5D312B2}.Debug|Any CPU.Build.0 = Debug|Any CPU
		{C28C5B1E-D485-4085-96C6-E78BF5D312B2}.Debug|x64.ActiveCfg = Debug|Any CPU
		{C28C5B1E-D485-4085-96C6-E78BF5D312B2}.Debug|x64.Build.0 = Debug|Any CPU
		{C28C5B1E-D485-4085-96C6-E78BF5D312B2}.Debug|x86.ActiveCfg = Debug|Any CPU
		{C28C5B1E-D485-4085-96C6-E78BF5D312B2}.Debug|x86.Build.0 = Debug|Any CPU
		{C28C5B1E-D485-4085-96C6-E78BF5D312B2}.Release|Any CPU.ActiveCfg = Release|Any CPU
		{C28C5B1E-D485-4085-96C6-E78BF5D312B2}.Release|Any CPU.Build.0 = Release|Any CPU
		{C28C5B1E-D485-4085-96C6-E78BF5D312B2}.Release|x64.ActiveCfg = Release|Any CPU
		{C28C5B1E-D485-4085-96C6-E78BF5D312B2}.Release|x64.Build.0 = Release|Any CPU
		{C28C5B1E-D485-4085-96C6-E78BF5D312B2}.Release|x86.ActiveCfg = Release|Any CPU
		{C28C5B1E-D485-4085-96C6-E78BF5D312B2}.Release|x86.Build.0 = Release|Any CPU
		{15C93D10-083F-466B-B24A-4BA914C8F7A8}.Debug|Any CPU.ActiveCfg = Debug|Any CPU
		{15C93D10-083F-466B-B24A-4BA914C8F7A8}.Debug|Any CPU.Build.0 = Debug|Any CPU
		{15C93D10-083F-466B-B24A-4BA914C8F7A8}.Debug|x64.ActiveCfg = Debug|Any CPU
		{15C93D10-083F-466B-B24A-4BA914C8F7A8}.Debug|x64.Build.0 = Debug|Any CPU
		{15C93D10-083F-466B-B24A-4BA914C8F7A8}.Debug|x86.ActiveCfg = Debug|Any CPU
		{15C93D10-083F-466B-B24A-4BA914C8F7A8}.Debug|x86.Build.0 = Debug|Any CPU
		{15C93D10-083F-466B-B24A-4BA914C8F7A8}.Release|Any CPU.ActiveCfg = Release|Any CPU
		{15C93D10-083F-466B-B24A-4BA914C8F7A8}.Release|Any CPU.Build.0 = Release|Any CPU
		{15C93D10-083F-466B-B24A-4BA914C8F7A8}.Release|x64.ActiveCfg = Release|Any CPU
		{15C93D10-083F-466B-B24A-4BA914C8F7A8}.Release|x64.Build.0 = Release|Any CPU
		{15C93D10-083F-466B-B24A-4BA914C8F7A8}.Release|x86.ActiveCfg = Release|Any CPU
		{15C93D10-083F-466B-B24A-4BA914C8F7A8}.Release|x86.Build.0 = Release|Any CPU
		{22955494-B4D2-49EF-9AA9-249624DEB4D9}.Debug|Any CPU.ActiveCfg = Debug|Any CPU
		{22955494-B4D2-49EF-9AA9-249624DEB4D9}.Debug|Any CPU.Build.0 = Debug|Any CPU
		{22955494-B4D2-49EF-9AA9-249624DEB4D9}.Debug|x64.ActiveCfg = Debug|Any CPU
		{22955494-B4D2-49EF-9AA9-249624DEB4D9}.Debug|x64.Build.0 = Debug|Any CPU
		{22955494-B4D2-49EF-9AA9-249624DEB4D9}.Debug|x86.ActiveCfg = Debug|Any CPU
		{22955494-B4D2-49EF-9AA9-249624DEB4D9}.Debug|x86.Build.0 = Debug|Any CPU
		{22955494-B4D2-49EF-9AA9-249624DEB4D9}.Release|Any CPU.ActiveCfg = Release|Any CPU
		{22955494-B4D2-49EF-9AA9-249624DEB4D9}.Release|Any CPU.Build.0 = Release|Any CPU
		{22955494-B4D2-49EF-9AA9-249624DEB4D9}.Release|x64.ActiveCfg = Release|Any CPU
		{22955494-B4D2-49EF-9AA9-249624DEB4D9}.Release|x64.Build.0 = Release|Any CPU
		{22955494-B4D2-49EF-9AA9-249624DEB4D9}.Release|x86.ActiveCfg = Release|Any CPU
		{22955494-B4D2-49EF-9AA9-249624DEB4D9}.Release|x86.Build.0 = Release|Any CPU
		{584CEEF9-4F91-4449-A487-BFC2905864D1}.Debug|Any CPU.ActiveCfg = Debug|Any CPU
		{584CEEF9-4F91-4449-A487-BFC2905864D1}.Debug|Any CPU.Build.0 = Debug|Any CPU
		{584CEEF9-4F91-4449-A487-BFC2905864D1}.Debug|x64.ActiveCfg = Debug|Any CPU
		{584CEEF9-4F91-4449-A487-BFC2905864D1}.Debug|x64.Build.0 = Debug|Any CPU
		{584CEEF9-4F91-4449-A487-BFC2905864D1}.Debug|x86.ActiveCfg = Debug|Any CPU
		{584CEEF9-4F91-4449-A487-BFC2905864D1}.Debug|x86.Build.0 = Debug|Any CPU
		{584CEEF9-4F91-4449-A487-BFC2905864D1}.Release|Any CPU.ActiveCfg = Release|Any CPU
		{584CEEF9-4F91-4449-A487-BFC2905864D1}.Release|Any CPU.Build.0 = Release|Any CPU
		{584CEEF9-4F91-4449-A487-BFC2905864D1}.Release|x64.ActiveCfg = Release|Any CPU
		{584CEEF9-4F91-4449-A487-BFC2905864D1}.Release|x64.Build.0 = Release|Any CPU
		{584CEEF9-4F91-4449-A487-BFC2905864D1}.Release|x86.ActiveCfg = Release|Any CPU
		{584CEEF9-4F91-4449-A487-BFC2905864D1}.Release|x86.Build.0 = Release|Any CPU
		{6A1CADED-9D25-41EB-BFE4-8E4A832E47AE}.Debug|Any CPU.ActiveCfg = Debug|Any CPU
		{6A1CADED-9D25-41EB-BFE4-8E4A832E47AE}.Debug|Any CPU.Build.0 = Debug|Any CPU
		{6A1CADED-9D25-41EB-BFE4-8E4A832E47AE}.Debug|x64.ActiveCfg = Debug|Any CPU
		{6A1CADED-9D25-41EB-BFE4-8E4A832E47AE}.Debug|x64.Build.0 = Debug|Any CPU
		{6A1CADED-9D25-41EB-BFE4-8E4A832E47AE}.Debug|x86.ActiveCfg = Debug|Any CPU
		{6A1CADED-9D25-41EB-BFE4-8E4A832E47AE}.Debug|x86.Build.0 = Debug|Any CPU
		{6A1CADED-9D25-41EB-BFE4-8E4A832E47AE}.Release|Any CPU.ActiveCfg = Release|Any CPU
		{6A1CADED-9D25-41EB-BFE4-8E4A832E47AE}.Release|Any CPU.Build.0 = Release|Any CPU
		{6A1CADED-9D25-41EB-BFE4-8E4A832E47AE}.Release|x64.ActiveCfg = Release|Any CPU
		{6A1CADED-9D25-41EB-BFE4-8E4A832E47AE}.Release|x64.Build.0 = Release|Any CPU
		{6A1CADED-9D25-41EB-BFE4-8E4A832E47AE}.Release|x86.ActiveCfg = Release|Any CPU
		{6A1CADED-9D25-41EB-BFE4-8E4A832E47AE}.Release|x86.Build.0 = Release|Any CPU
		{313B10BF-BA99-4A92-80E2-D715B19D0D78}.Debug|Any CPU.ActiveCfg = Debug|Any CPU
		{313B10BF-BA99-4A92-80E2-D715B19D0D78}.Debug|Any CPU.Build.0 = Debug|Any CPU
		{313B10BF-BA99-4A92-80E2-D715B19D0D78}.Debug|x64.ActiveCfg = Debug|Any CPU
		{313B10BF-BA99-4A92-80E2-D715B19D0D78}.Debug|x64.Build.0 = Debug|Any CPU
		{313B10BF-BA99-4A92-80E2-D715B19D0D78}.Debug|x86.ActiveCfg = Debug|Any CPU
		{313B10BF-BA99-4A92-80E2-D715B19D0D78}.Debug|x86.Build.0 = Debug|Any CPU
		{313B10BF-BA99-4A92-80E2-D715B19D0D78}.Release|Any CPU.ActiveCfg = Release|Any CPU
		{313B10BF-BA99-4A92-80E2-D715B19D0D78}.Release|Any CPU.Build.0 = Release|Any CPU
		{313B10BF-BA99-4A92-80E2-D715B19D0D78}.Release|x64.ActiveCfg = Release|Any CPU
		{313B10BF-BA99-4A92-80E2-D715B19D0D78}.Release|x64.Build.0 = Release|Any CPU
		{313B10BF-BA99-4A92-80E2-D715B19D0D78}.Release|x86.ActiveCfg = Release|Any CPU
		{313B10BF-BA99-4A92-80E2-D715B19D0D78}.Release|x86.Build.0 = Release|Any CPU
		{2781A6DB-AAEE-4F5C-8814-46C439705378}.Debug|Any CPU.ActiveCfg = Debug|Any CPU
		{2781A6DB-AAEE-4F5C-8814-46C439705378}.Debug|Any CPU.Build.0 = Debug|Any CPU
		{2781A6DB-AAEE-4F5C-8814-46C439705378}.Debug|x64.ActiveCfg = Debug|Any CPU
		{2781A6DB-AAEE-4F5C-8814-46C439705378}.Debug|x64.Build.0 = Debug|Any CPU
		{2781A6DB-AAEE-4F5C-8814-46C439705378}.Debug|x86.ActiveCfg = Debug|Any CPU
		{2781A6DB-AAEE-4F5C-8814-46C439705378}.Debug|x86.Build.0 = Debug|Any CPU
		{2781A6DB-AAEE-4F5C-8814-46C439705378}.Release|Any CPU.ActiveCfg = Release|Any CPU
		{2781A6DB-AAEE-4F5C-8814-46C439705378}.Release|Any CPU.Build.0 = Release|Any CPU
		{2781A6DB-AAEE-4F5C-8814-46C439705378}.Release|x64.ActiveCfg = Release|Any CPU
		{2781A6DB-AAEE-4F5C-8814-46C439705378}.Release|x64.Build.0 = Release|Any CPU
		{2781A6DB-AAEE-4F5C-8814-46C439705378}.Release|x86.ActiveCfg = Release|Any CPU
		{2781A6DB-AAEE-4F5C-8814-46C439705378}.Release|x86.Build.0 = Release|Any CPU
		{085BFD9C-D834-4030-AFB9-71A99D7BDA1D}.Debug|Any CPU.ActiveCfg = Debug|Any CPU
		{085BFD9C-D834-4030-AFB9-71A99D7BDA1D}.Debug|Any CPU.Build.0 = Debug|Any CPU
		{085BFD9C-D834-4030-AFB9-71A99D7BDA1D}.Debug|x64.ActiveCfg = Debug|Any CPU
		{085BFD9C-D834-4030-AFB9-71A99D7BDA1D}.Debug|x64.Build.0 = Debug|Any CPU
		{085BFD9C-D834-4030-AFB9-71A99D7BDA1D}.Debug|x86.ActiveCfg = Debug|Any CPU
		{085BFD9C-D834-4030-AFB9-71A99D7BDA1D}.Debug|x86.Build.0 = Debug|Any CPU
		{085BFD9C-D834-4030-AFB9-71A99D7BDA1D}.Release|Any CPU.ActiveCfg = Release|Any CPU
		{085BFD9C-D834-4030-AFB9-71A99D7BDA1D}.Release|Any CPU.Build.0 = Release|Any CPU
		{085BFD9C-D834-4030-AFB9-71A99D7BDA1D}.Release|x64.ActiveCfg = Release|Any CPU
		{085BFD9C-D834-4030-AFB9-71A99D7BDA1D}.Release|x64.Build.0 = Release|Any CPU
		{085BFD9C-D834-4030-AFB9-71A99D7BDA1D}.Release|x86.ActiveCfg = Release|Any CPU
		{085BFD9C-D834-4030-AFB9-71A99D7BDA1D}.Release|x86.Build.0 = Release|Any CPU
		{1299EDC7-1563-4AB1-BC0F-985EF817DA25}.Debug|Any CPU.ActiveCfg = Debug|Any CPU
		{1299EDC7-1563-4AB1-BC0F-985EF817DA25}.Debug|Any CPU.Build.0 = Debug|Any CPU
		{1299EDC7-1563-4AB1-BC0F-985EF817DA25}.Debug|x64.ActiveCfg = Debug|Any CPU
		{1299EDC7-1563-4AB1-BC0F-985EF817DA25}.Debug|x64.Build.0 = Debug|Any CPU
		{1299EDC7-1563-4AB1-BC0F-985EF817DA25}.Debug|x86.ActiveCfg = Debug|Any CPU
		{1299EDC7-1563-4AB1-BC0F-985EF817DA25}.Debug|x86.Build.0 = Debug|Any CPU
		{1299EDC7-1563-4AB1-BC0F-985EF817DA25}.Release|Any CPU.ActiveCfg = Release|Any CPU
		{1299EDC7-1563-4AB1-BC0F-985EF817DA25}.Release|Any CPU.Build.0 = Release|Any CPU
		{1299EDC7-1563-4AB1-BC0F-985EF817DA25}.Release|x64.ActiveCfg = Release|Any CPU
		{1299EDC7-1563-4AB1-BC0F-985EF817DA25}.Release|x64.Build.0 = Release|Any CPU
		{1299EDC7-1563-4AB1-BC0F-985EF817DA25}.Release|x86.ActiveCfg = Release|Any CPU
		{1299EDC7-1563-4AB1-BC0F-985EF817DA25}.Release|x86.Build.0 = Release|Any CPU
		{FDCBA259-6D9D-4BD6-B410-2D0AE0B9CDBD}.Debug|Any CPU.ActiveCfg = Debug|Any CPU
		{FDCBA259-6D9D-4BD6-B410-2D0AE0B9CDBD}.Debug|Any CPU.Build.0 = Debug|Any CPU
		{FDCBA259-6D9D-4BD6-B410-2D0AE0B9CDBD}.Debug|x64.ActiveCfg = Debug|Any CPU
		{FDCBA259-6D9D-4BD6-B410-2D0AE0B9CDBD}.Debug|x64.Build.0 = Debug|Any CPU
		{FDCBA259-6D9D-4BD6-B410-2D0AE0B9CDBD}.Debug|x86.ActiveCfg = Debug|Any CPU
		{FDCBA259-6D9D-4BD6-B410-2D0AE0B9CDBD}.Debug|x86.Build.0 = Debug|Any CPU
		{FDCBA259-6D9D-4BD6-B410-2D0AE0B9CDBD}.Release|Any CPU.ActiveCfg = Release|Any CPU
		{FDCBA259-6D9D-4BD6-B410-2D0AE0B9CDBD}.Release|Any CPU.Build.0 = Release|Any CPU
		{FDCBA259-6D9D-4BD6-B410-2D0AE0B9CDBD}.Release|x64.ActiveCfg = Release|Any CPU
		{FDCBA259-6D9D-4BD6-B410-2D0AE0B9CDBD}.Release|x64.Build.0 = Release|Any CPU
		{FDCBA259-6D9D-4BD6-B410-2D0AE0B9CDBD}.Release|x86.ActiveCfg = Release|Any CPU
		{FDCBA259-6D9D-4BD6-B410-2D0AE0B9CDBD}.Release|x86.Build.0 = Release|Any CPU
	EndGlobalSection
	GlobalSection(SolutionProperties) = preSolution
		HideSolutionNode = FALSE
	EndGlobalSection
	GlobalSection(NestedProjects) = preSolution
		{6678609D-855B-4DBF-A65E-C7D50D90B289} = {827E0CD3-B72D-47B6-A68D-7590B98EB39B}
		{D7A62572-44BB-4B3E-AE0C-62AF8CE655B0} = {827E0CD3-B72D-47B6-A68D-7590B98EB39B}
		{DECF1F2A-C940-4724-BBD9-82E7547FA0E2} = {827E0CD3-B72D-47B6-A68D-7590B98EB39B}
		{1B3A0EAA-7E2F-4D9C-A21E-1A12C0D7FBC2} = {827E0CD3-B72D-47B6-A68D-7590B98EB39B}
		{2C40F9BB-913E-4B5C-A93B-4F66D8B5F7E7} = {827E0CD3-B72D-47B6-A68D-7590B98EB39B}
		{3982DDBB-99ED-C9E7-3EDF-EEC5162A6006} = {5D20AA90-6969-D8BD-9DCD-8634F4692FDA}
		{860E16EE-30CA-41DC-8B9C-3F630AD9CB3E} = {3982DDBB-99ED-C9E7-3EDF-EEC5162A6006}
		{C112BD75-A124-4C0F-9D63-E80F8C2EFD11} = {5D20AA90-6969-D8BD-9DCD-8634F4692FDA}
		{D2A9E641-7B0F-4F4F-99E1-65A2CA12BC8A} = {C112BD75-A124-4C0F-9D63-E80F8C2EFD11}
		{41B6CD1E-5437-42D2-B568-1FA05A148B4F} = {827E0CD3-B72D-47B6-A68D-7590B98EB39B}
		{AF75CEAA-68CA-41B1-A19A-5E7AD812411A} = {827E0CD3-B72D-47B6-A68D-7590B98EB39B}
		{E54D8A11-1C2B-4F0A-9D72-3B57F1D8C9A1} = {827E0CD3-B72D-47B6-A68D-7590B98EB39B}
		{F671C9B2-23DD-4A8E-B53C-9F8E2A6BD1E0} = {827E0CD3-B72D-47B6-A68D-7590B98EB39B}
		{A0B0C0D0-12A0-4001-8001-000000000001} = {827E0CD3-B72D-47B6-A68D-7590B98EB39B}
		{A0B0C0D0-12A0-4001-8001-000000000002} = {827E0CD3-B72D-47B6-A68D-7590B98EB39B}
		{A0B0C0D0-12A0-4001-8001-000000000003} = {827E0CD3-B72D-47B6-A68D-7590B98EB39B}
		{A0B0C0D0-12A0-4001-8001-000000000004} = {827E0CD3-B72D-47B6-A68D-7590B98EB39B}
		{A0B0C0D0-12A0-4001-8001-000000000005} = {827E0CD3-B72D-47B6-A68D-7590B98EB39B}
		{B0C0D0E0-12B0-4001-8001-000000000001} = {827E0CD3-B72D-47B6-A68D-7590B98EB39B}
		{B0C0D0E0-12B0-4001-8001-000000000002} = {827E0CD3-B72D-47B6-A68D-7590B98EB39B}
		{B0C0D0E0-12B0-4001-8001-000000000003} = {827E0CD3-B72D-47B6-A68D-7590B98EB39B}
		{C0D0E0F0-12C0-4001-8001-000000000001} = {827E0CD3-B72D-47B6-A68D-7590B98EB39B}
		{C0D0E0F0-12C0-4001-8001-000000000002} = {827E0CD3-B72D-47B6-A68D-7590B98EB39B}
		{C0D0E0F0-12C0-4001-8001-000000000003} = {827E0CD3-B72D-47B6-A68D-7590B98EB39B}
		{C0D0E0F0-12C0-4001-8001-000000000004} = {827E0CD3-B72D-47B6-A68D-7590B98EB39B}
		{E0F0A0B0-12E0-4001-8001-000000000001} = {827E0CD3-B72D-47B6-A68D-7590B98EB39B}
		{37AFE435-F77F-4189-964C-2E7DEF69D9A5} = {827E0CD3-B72D-47B6-A68D-7590B98EB39B}
		{A6EFA0A3-3067-4DD1-8DE4-0A3B3C6A22FB} = {827E0CD3-B72D-47B6-A68D-7590B98EB39B}
		{0EFF197F-5FA9-4CD2-BCEB-FE9A0F31A9BA} = {827E0CD3-B72D-47B6-A68D-7590B98EB39B}
		{D0E0F0A0-12D0-4001-8001-000000000001} = {827E0CD3-B72D-47B6-A68D-7590B98EB39B}
		{D0E0F0A0-12D0-4001-8001-000000000002} = {827E0CD3-B72D-47B6-A68D-7590B98EB39B}
		{D0E0F0A0-12D0-4001-8001-000000000003} = {827E0CD3-B72D-47B6-A68D-7590B98EB39B}
		{F0A0B0C0-12F0-4001-8001-000000000001} = {827E0CD3-B72D-47B6-A68D-7590B98EB39B}
		{F0A0B0C0-12F0-4001-8001-000000000002} = {827E0CD3-B72D-47B6-A68D-7590B98EB39B}
		{587CF59C-9D8B-421E-9B81-82ECEEA6770C} = {827E0CD3-B72D-47B6-A68D-7590B98EB39B}
		{E1F2A3B0-12E1-4001-8001-000000000001} = {827E0CD3-B72D-47B6-A68D-7590B98EB39B}
		{E1F2A3B0-12E1-4001-8001-000000000002} = {827E0CD3-B72D-47B6-A68D-7590B98EB39B}
		{9D45E64C-FFE7-44A8-B900-08C6DA0EF04B} = {827E0CD3-B72D-47B6-A68D-7590B98EB39B}
		{B3BA6BFE-8685-4FE9-A6A9-539C5BEED1FD} = {827E0CD3-B72D-47B6-A68D-7590B98EB39B}
		{2E51F6E6-6986-7D8D-D90F-B57DB4AF3773} = {5D20AA90-6969-D8BD-9DCD-8634F4692FDA}
		{1D42ECCD-2669-4AA4-88F3-A491410DF40F} = {2E51F6E6-6986-7D8D-D90F-B57DB4AF3773}
		{B0890FAC-01FA-4E72-9FA1-FE063D078F2F} = {827E0CD3-B72D-47B6-A68D-7590B98EB39B}
		{6E4E7FBD-A076-4996-8E9D-DBE03FA5BB88} = {827E0CD3-B72D-47B6-A68D-7590B98EB39B}
		{A51D3000-D74C-41BF-AA18-FBDCE0E5895E} = {827E0CD3-B72D-47B6-A68D-7590B98EB39B}
		{3A315809-87C9-4418-A5D7-22AAFFD84CB4} = {827E0CD3-B72D-47B6-A68D-7590B98EB39B}
		{326A6038-2C87-487F-658A-93C0C85F8AEA} = {5D20AA90-6969-D8BD-9DCD-8634F4692FDA}
		{2FEE53CD-99FE-4C47-9D66-0146E8748CDF} = {326A6038-2C87-487F-658A-93C0C85F8AEA}
		{F0EDC631-35F2-46F1-98D5-7054C803A590} = {827E0CD3-B72D-47B6-A68D-7590B98EB39B}
		{B6BC5210-1E27-4630-9F29-E19F4590424A} = {827E0CD3-B72D-47B6-A68D-7590B98EB39B}
		{0299F005-6621-495B-BE41-FA6226484C13} = {827E0CD3-B72D-47B6-A68D-7590B98EB39B}
		{33EE7BFC-FA8F-4AE0-B181-14E4A48DD7F4} = {827E0CD3-B72D-47B6-A68D-7590B98EB39B}
		{25E0C8D2-9AE9-465E-B243-217B3CC681E0} = {827E0CD3-B72D-47B6-A68D-7590B98EB39B}
		{B8D76B89-8273-4166-994C-35D81D8C2C4D} = {827E0CD3-B72D-47B6-A68D-7590B98EB39B}
		{8E5056AE-364E-490A-8494-41D942FF14D0} = {66320409-64EC-F7C5-3DEF-65E7510DAAD1}
		{3C55F418-BB43-40DE-AFE2-2AE3EB76DF43} = {827E0CD3-B72D-47B6-A68D-7590B98EB39B}
		{EA89A905-AC84-4155-B477-9E99D8097E3F} = {827E0CD3-B72D-47B6-A68D-7590B98EB39B}
		{F36F3B55-923B-4027-BAED-167E2A98F7BD} = {827E0CD3-B72D-47B6-A68D-7590B98EB39B}
		{97A2973E-135B-4D6C-8576-51A1F1403754} = {827E0CD3-B72D-47B6-A68D-7590B98EB39B}
		{C6F0E1E2-4BD3-4337-9C4A-2AA62C29A0E5} = {827E0CD3-B72D-47B6-A68D-7590B98EB39B}
		{6E364BDA-43BB-4F52-BA79-683D84640684} = {827E0CD3-B72D-47B6-A68D-7590B98EB39B}
		{CE064C49-24AB-4C36-A898-F51B716AE415} = {827E0CD3-B72D-47B6-A68D-7590B98EB39B}
		{8C37F60C-0B80-4D04-959C-B4DBBB9689E1} = {827E0CD3-B72D-47B6-A68D-7590B98EB39B}
		{5F341314-AD3A-4B2C-9A57-4EA8D624F8AC} = {827E0CD3-B72D-47B6-A68D-7590B98EB39B}
		{8F4CA039-F4D1-495C-B39F-5508058D11B0} = {827E0CD3-B72D-47B6-A68D-7590B98EB39B}
		{B08D0287-CBBE-4386-B682-651624619186} = {827E0CD3-B72D-47B6-A68D-7590B98EB39B}
		{3ACC100A-DEEE-4B11-A992-3CF1A17DE676} = {827E0CD3-B72D-47B6-A68D-7590B98EB39B}
		{3682808B-36D5-4E74-8F4A-20B27C758EFE} = {827E0CD3-B72D-47B6-A68D-7590B98EB39B}
		{6C3CBAB8-1AEF-4A61-8EF9-1C123FAC9FDC} = {827E0CD3-B72D-47B6-A68D-7590B98EB39B}
		{C28C5B1E-D485-4085-96C6-E78BF5D312B2} = {827E0CD3-B72D-47B6-A68D-7590B98EB39B}
		{15C93D10-083F-466B-B24A-4BA914C8F7A8} = {827E0CD3-B72D-47B6-A68D-7590B98EB39B}
		{22955494-B4D2-49EF-9AA9-249624DEB4D9} = {827E0CD3-B72D-47B6-A68D-7590B98EB39B}
		{584CEEF9-4F91-4449-A487-BFC2905864D1} = {827E0CD3-B72D-47B6-A68D-7590B98EB39B}
		{6A1CADED-9D25-41EB-BFE4-8E4A832E47AE} = {827E0CD3-B72D-47B6-A68D-7590B98EB39B}
		{313B10BF-BA99-4A92-80E2-D715B19D0D78} = {827E0CD3-B72D-47B6-A68D-7590B98EB39B}
		{2781A6DB-AAEE-4F5C-8814-46C439705378} = {827E0CD3-B72D-47B6-A68D-7590B98EB39B}
		{085BFD9C-D834-4030-AFB9-71A99D7BDA1D} = {5D20AA90-6969-D8BD-9DCD-8634F4692FDA}
		{1299EDC7-1563-4AB1-BC0F-985EF817DA25} = {5D20AA90-6969-D8BD-9DCD-8634F4692FDA}
		{FDCBA259-6D9D-4BD6-B410-2D0AE0B9CDBD} = {5D20AA90-6969-D8BD-9DCD-8634F4692FDA}
	EndGlobalSection
EndGlobal
